// !$*UTF8*$!
{
	archiveVersion = 1;
	classes = {
	};
	objectVersion = 50;
	objects = {

/* Begin PBXBuildFile section */
		0B62FF724AEF10B259DEA04B /* Pods_LTYUITests.framework in Frameworks */ = {isa = PBXBuildFile; fileRef = EBA13C73BABF0CB00D18DE18 /* Pods_LTYUITests.framework */; };
		261AC72BA32BBAFD44AC5135 /* Pods_LTYTests.framework in Frameworks */ = {isa = PBXBuildFile; fileRef = 9AFD60D2BDE117D5AC604542 /* Pods_LTYTests.framework */; };
		691906FBB043EFAE42BEEFBF /* Pods_LTY.framework in Frameworks */ = {isa = PBXBuildFile; fileRef = B691CDDB4AA78B8924A7DE45 /* Pods_LTY.framework */; };
		B8357F192234B5260020FE17 /* TransitionAnimator.swift in Sources */ = {isa = PBXBuildFile; fileRef = B8357F182234B5260020FE17 /* TransitionAnimator.swift */; };
		B8457B72223003E4006EC51F /* AppDelegate.swift in Sources */ = {isa = PBXBuildFile; fileRef = B8457B71223003E4006EC51F /* AppDelegate.swift */; };
		B8457B74223003E4006EC51F /* ViewController.swift in Sources */ = {isa = PBXBuildFile; fileRef = B8457B73223003E4006EC51F /* ViewController.swift */; };
		B8457B77223003E4006EC51F /* Main.storyboard in Resources */ = {isa = PBXBuildFile; fileRef = B8457B75223003E4006EC51F /* Main.storyboard */; };
		B8457B79223003E5006EC51F /* Assets.xcassets in Resources */ = {isa = PBXBuildFile; fileRef = B8457B78223003E5006EC51F /* Assets.xcassets */; };
		B8457B7C223003E5006EC51F /* LaunchScreen.storyboard in Resources */ = {isa = PBXBuildFile; fileRef = B8457B7A223003E5006EC51F /* LaunchScreen.storyboard */; };
		B8457B87223003E5006EC51F /* LTYTests.swift in Sources */ = {isa = PBXBuildFile; fileRef = B8457B86223003E5006EC51F /* LTYTests.swift */; };
		B8457B92223003E5006EC51F /* LTYUITests.swift in Sources */ = {isa = PBXBuildFile; fileRef = B8457B91223003E5006EC51F /* LTYUITests.swift */; };
		B8457BA922300955006EC51F /* HomeModel.swift in Sources */ = {isa = PBXBuildFile; fileRef = B8457BA822300955006EC51F /* HomeModel.swift */; };
		B8457BAB22300A40006EC51F /* HomeViewController.swift in Sources */ = {isa = PBXBuildFile; fileRef = B8457BAA22300A40006EC51F /* HomeViewController.swift */; };
		B8457BAF22300A89006EC51F /* PublishViewController.swift in Sources */ = {isa = PBXBuildFile; fileRef = B8457BAE22300A89006EC51F /* PublishViewController.swift */; };
		B8457BB122300A94006EC51F /* ProfileViewController.swift in Sources */ = {isa = PBXBuildFile; fileRef = B8457BB022300A94006EC51F /* ProfileViewController.swift */; };
		B8457BB322300B12006EC51F /* SFTabBarController.swift in Sources */ = {isa = PBXBuildFile; fileRef = B8457BB222300B12006EC51F /* SFTabBarController.swift */; };
		B8457BB522300B24006EC51F /* SFNavigationController.swift in Sources */ = {isa = PBXBuildFile; fileRef = B8457BB422300B24006EC51F /* SFNavigationController.swift */; };
		B8457BB822300B51006EC51F /* SFConst.swift in Sources */ = {isa = PBXBuildFile; fileRef = B8457BB722300B51006EC51F /* SFConst.swift */; };
		B8457BBB22300BE1006EC51F /* SFExtension.swift in Sources */ = {isa = PBXBuildFile; fileRef = B8457BBA22300BE1006EC51F /* SFExtension.swift */; };
		B8457BBD22300C5A006EC51F /* UIScreen-Extension.swift in Sources */ = {isa = PBXBuildFile; fileRef = B8457BBC22300C5A006EC51F /* UIScreen-Extension.swift */; };
		B8457BBF22300C63006EC51F /* UIDevice+SF.swift in Sources */ = {isa = PBXBuildFile; fileRef = B8457BBE22300C63006EC51F /* UIDevice+SF.swift */; };
		B8457BC622300CD7006EC51F /* Gradienter.swift in Sources */ = {isa = PBXBuildFile; fileRef = B8457BC122300CD7006EC51F /* Gradienter.swift */; };
		B8457BC722300CD7006EC51F /* FontHelper.swift in Sources */ = {isa = PBXBuildFile; fileRef = B8457BC222300CD7006EC51F /* FontHelper.swift */; };
		B8457BC822300CD7006EC51F /* ColorHelper.swift in Sources */ = {isa = PBXBuildFile; fileRef = B8457BC322300CD7006EC51F /* ColorHelper.swift */; };
		B8457BC922300CD7006EC51F /* RegexHelper.swift in Sources */ = {isa = PBXBuildFile; fileRef = B8457BC422300CD7006EC51F /* RegexHelper.swift */; };
		B8457BCA22300CD7006EC51F /* TextSizeHelper.swift in Sources */ = {isa = PBXBuildFile; fileRef = B8457BC522300CD7006EC51F /* TextSizeHelper.swift */; };
		B8457BCC22300D16006EC51F /* UIColor+SF.swift in Sources */ = {isa = PBXBuildFile; fileRef = B8457BCB22300D15006EC51F /* UIColor+SF.swift */; };
		B8457BCE22301A51006EC51F /* UIImage+SF.swift in Sources */ = {isa = PBXBuildFile; fileRef = B8457BCD22301A50006EC51F /* UIImage+SF.swift */; };
		B8457BD02230BE5C006EC51F /* TabBarItemContentView.swift in Sources */ = {isa = PBXBuildFile; fileRef = B8457BCF2230BE5C006EC51F /* TabBarItemContentView.swift */; };
		B8457BD92230C716006EC51F /* Toastable.swift in Sources */ = {isa = PBXBuildFile; fileRef = B8457BD22230C714006EC51F /* Toastable.swift */; };
		B8457BDA2230C716006EC51F /* Reusable.swift in Sources */ = {isa = PBXBuildFile; fileRef = B8457BD32230C715006EC51F /* Reusable.swift */; };
		B8457BDB2230C716006EC51F /* Updatable.swift in Sources */ = {isa = PBXBuildFile; fileRef = B8457BD42230C715006EC51F /* Updatable.swift */; };
		B8457BDC2230C716006EC51F /* ConfigurableTableViewCell.swift in Sources */ = {isa = PBXBuildFile; fileRef = B8457BD52230C715006EC51F /* ConfigurableTableViewCell.swift */; };
		B8457BDD2230C716006EC51F /* ControllerConfigurable.swift in Sources */ = {isa = PBXBuildFile; fileRef = B8457BD62230C715006EC51F /* ControllerConfigurable.swift */; };
		B8457BDE2230C716006EC51F /* NibLoadable.swift in Sources */ = {isa = PBXBuildFile; fileRef = B8457BD72230C716006EC51F /* NibLoadable.swift */; };
		B8457BDF2230C716006EC51F /* ViewModelType.swift in Sources */ = {isa = PBXBuildFile; fileRef = B8457BD82230C716006EC51F /* ViewModelType.swift */; };
		B8457BE12230C839006EC51F /* Actionable.swift in Sources */ = {isa = PBXBuildFile; fileRef = B8457BE02230C839006EC51F /* Actionable.swift */; };
		B8457BEC2230CA2B006EC51F /* UIViewController+SF.swift in Sources */ = {isa = PBXBuildFile; fileRef = B8457BE52230CA2A006EC51F /* UIViewController+SF.swift */; };
		B8457BED2230CA2B006EC51F /* UINavigationController+SF.swift in Sources */ = {isa = PBXBuildFile; fileRef = B8457BE62230CA2A006EC51F /* UINavigationController+SF.swift */; };
		B8457BEE2230CA2B006EC51F /* UICollectionView+SF.swift in Sources */ = {isa = PBXBuildFile; fileRef = B8457BE72230CA2A006EC51F /* UICollectionView+SF.swift */; };
		B8457BEF2230CA2B006EC51F /* UITableView+SF.swift in Sources */ = {isa = PBXBuildFile; fileRef = B8457BE82230CA2A006EC51F /* UITableView+SF.swift */; };
		B8457BF02230CA2B006EC51F /* UIView+SF.swift in Sources */ = {isa = PBXBuildFile; fileRef = B8457BE92230CA2A006EC51F /* UIView+SF.swift */; };
		B8457BF12230CA2B006EC51F /* UIApplication+SF.swift in Sources */ = {isa = PBXBuildFile; fileRef = B8457BEA2230CA2A006EC51F /* UIApplication+SF.swift */; };
		B8457BF22230CA2B006EC51F /* UIButton+SF.swift in Sources */ = {isa = PBXBuildFile; fileRef = B8457BEB2230CA2B006EC51F /* UIButton+SF.swift */; };
		B8457C072230CA66006EC51F /* UIState+Rx.swift in Sources */ = {isa = PBXBuildFile; fileRef = B8457BF32230CA64006EC51F /* UIState+Rx.swift */; };
		B8457C082230CA66006EC51F /* String+Rx.swift in Sources */ = {isa = PBXBuildFile; fileRef = B8457BF42230CA64006EC51F /* String+Rx.swift */; };
		B8457C092230CA66006EC51F /* UIResponder+Rx.swift in Sources */ = {isa = PBXBuildFile; fileRef = B8457BF52230CA64006EC51F /* UIResponder+Rx.swift */; };
		B8457C0A2230CA66006EC51F /* Response+Rx.swift in Sources */ = {isa = PBXBuildFile; fileRef = B8457BF62230CA64006EC51F /* Response+Rx.swift */; };
		B8457C0B2230CA66006EC51F /* Operators.swift in Sources */ = {isa = PBXBuildFile; fileRef = B8457BF72230CA64006EC51F /* Operators.swift */; };
		B8457C0C2230CA66006EC51F /* Countdown+Rx.swift in Sources */ = {isa = PBXBuildFile; fileRef = B8457BF82230CA65006EC51F /* Countdown+Rx.swift */; };
		B8457C0D2230CA66006EC51F /* RxTableViewSectionedDelegate.swift in Sources */ = {isa = PBXBuildFile; fileRef = B8457BF92230CA65006EC51F /* RxTableViewSectionedDelegate.swift */; };
		B8457C0E2230CA66006EC51F /* Rx+Ext.swift in Sources */ = {isa = PBXBuildFile; fileRef = B8457BFA2230CA65006EC51F /* Rx+Ext.swift */; };
		B8457C0F2230CA66006EC51F /* Then+Rx.swift in Sources */ = {isa = PBXBuildFile; fileRef = B8457BFB2230CA65006EC51F /* Then+Rx.swift */; };
		B8457C102230CA66006EC51F /* SFToast+Rx.swift in Sources */ = {isa = PBXBuildFile; fileRef = B8457BFC2230CA65006EC51F /* SFToast+Rx.swift */; };
		B8457C112230CA66006EC51F /* ShareOnce+Rx.swift in Sources */ = {isa = PBXBuildFile; fileRef = B8457BFD2230CA65006EC51F /* ShareOnce+Rx.swift */; };
		B8457C122230CA66006EC51F /* MJRefresh+Rx.swift in Sources */ = {isa = PBXBuildFile; fileRef = B8457BFE2230CA65006EC51F /* MJRefresh+Rx.swift */; };
		B8457C132230CA66006EC51F /* MapTo+Rx.swift in Sources */ = {isa = PBXBuildFile; fileRef = B8457BFF2230CA65006EC51F /* MapTo+Rx.swift */; };
		B8457C142230CA66006EC51F /* SFError+Rx.swift in Sources */ = {isa = PBXBuildFile; fileRef = B8457C002230CA66006EC51F /* SFError+Rx.swift */; };
		B8457C152230CA66006EC51F /* UITextField+Rx.swift in Sources */ = {isa = PBXBuildFile; fileRef = B8457C012230CA66006EC51F /* UITextField+Rx.swift */; };
		B8457C162230CA66006EC51F /* UIView+Rx.swift in Sources */ = {isa = PBXBuildFile; fileRef = B8457C022230CA66006EC51F /* UIView+Rx.swift */; };
		B8457C172230CA66006EC51F /* UIAlertController+Rx.swift in Sources */ = {isa = PBXBuildFile; fileRef = B8457C032230CA66006EC51F /* UIAlertController+Rx.swift */; };
		B8457C182230CA66006EC51F /* UIViewController+Rx.swift in Sources */ = {isa = PBXBuildFile; fileRef = B8457C042230CA66006EC51F /* UIViewController+Rx.swift */; };
		B8457C192230CA66006EC51F /* RxTextFieldDelegateProxy.swift in Sources */ = {isa = PBXBuildFile; fileRef = B8457C052230CA66006EC51F /* RxTextFieldDelegateProxy.swift */; };
		B8457C1A2230CA66006EC51F /* UITextView+Rx.swift in Sources */ = {isa = PBXBuildFile; fileRef = B8457C062230CA66006EC51F /* UITextView+Rx.swift */; };
		B8457C212230CADC006EC51F /* TargetType+Request.swift in Sources */ = {isa = PBXBuildFile; fileRef = B8457C1D2230CADC006EC51F /* TargetType+Request.swift */; };
		B8457C222230CADC006EC51F /* HTTPService.swift in Sources */ = {isa = PBXBuildFile; fileRef = B8457C1E2230CADC006EC51F /* HTTPService.swift */; };
		B8457C232230CADC006EC51F /* HTTPService+Rx.swift in Sources */ = {isa = PBXBuildFile; fileRef = B8457C1F2230CADC006EC51F /* HTTPService+Rx.swift */; };
		B8457C242230CADC006EC51F /* MoyaPlugin.swift in Sources */ = {isa = PBXBuildFile; fileRef = B8457C202230CADC006EC51F /* MoyaPlugin.swift */; };
		B8457C262230CC23006EC51F /* NSObject+Rx.swift in Sources */ = {isa = PBXBuildFile; fileRef = B8457C252230CC23006EC51F /* NSObject+Rx.swift */; };
		B8457C282230CD69006EC51F /* UIBarButtonItem-Extension.swift in Sources */ = {isa = PBXBuildFile; fileRef = B8457C272230CD69006EC51F /* UIBarButtonItem-Extension.swift */; };
		B85BAFE02233F3CE00264125 /* FPSLabel.swift in Sources */ = {isa = PBXBuildFile; fileRef = B85BAFDF2233F3CE00264125 /* FPSLabel.swift */; };
		B85BAFE22233FDF200264125 /* NotifyHelper.swift in Sources */ = {isa = PBXBuildFile; fileRef = B85BAFE12233FDF200264125 /* NotifyHelper.swift */; };
		B894B06222324D0D00036A19 /* AddPhotoViewCell.swift in Sources */ = {isa = PBXBuildFile; fileRef = B894B06122324D0D00036A19 /* AddPhotoViewCell.swift */; };
		B894B06422324DA000036A19 /* UIView-Extension.swift in Sources */ = {isa = PBXBuildFile; fileRef = B894B06322324DA000036A19 /* UIView-Extension.swift */; };
		B894B06722324EF700036A19 /* NiblessView.swift in Sources */ = {isa = PBXBuildFile; fileRef = B894B06622324EF700036A19 /* NiblessView.swift */; };
		B894B06A22324FB200036A19 /* PhotoModel.swift in Sources */ = {isa = PBXBuildFile; fileRef = B894B06922324FB200036A19 /* PhotoModel.swift */; };
		B894B0732232529B00036A19 /* Bundle-Extension.swift in Sources */ = {isa = PBXBuildFile; fileRef = B894B06B2232529B00036A19 /* Bundle-Extension.swift */; };
		B894B0742232529B00036A19 /* DispatchTime-Extension.swift in Sources */ = {isa = PBXBuildFile; fileRef = B894B06C2232529B00036A19 /* DispatchTime-Extension.swift */; };
		B894B0752232529B00036A19 /* NSLayoutConstraint-Extension.swift in Sources */ = {isa = PBXBuildFile; fileRef = B894B06D2232529B00036A19 /* NSLayoutConstraint-Extension.swift */; };
		B894B0762232529B00036A19 /* UITabBar-Extension.swift in Sources */ = {isa = PBXBuildFile; fileRef = B894B06E2232529B00036A19 /* UITabBar-Extension.swift */; };
		B894B0772232529B00036A19 /* UIButton-Extension.swift in Sources */ = {isa = PBXBuildFile; fileRef = B894B06F2232529B00036A19 /* UIButton-Extension.swift */; };
		B894B0782232529B00036A19 /* Array-Extension.swift in Sources */ = {isa = PBXBuildFile; fileRef = B894B0702232529B00036A19 /* Array-Extension.swift */; };
		B894B0792232529B00036A19 /* Sequence+Extension.swift in Sources */ = {isa = PBXBuildFile; fileRef = B894B0712232529B00036A19 /* Sequence+Extension.swift */; };
		B894B07A2232529B00036A19 /* UILabel-Extension.swift in Sources */ = {isa = PBXBuildFile; fileRef = B894B0722232529B00036A19 /* UILabel-Extension.swift */; };
		B894B07D2232648700036A19 /* PublishViewModel.swift in Sources */ = {isa = PBXBuildFile; fileRef = B894B07C2232648700036A19 /* PublishViewModel.swift */; };
		B894B07F2232688B00036A19 /* NiblessViewController.swift in Sources */ = {isa = PBXBuildFile; fileRef = B894B07E2232688B00036A19 /* NiblessViewController.swift */; };
		B894B0812232819B00036A19 /* DBManager.swift in Sources */ = {isa = PBXBuildFile; fileRef = B894B0802232819B00036A19 /* DBManager.swift */; };
		B894B0832232825600036A19 /* String-Extension.swift in Sources */ = {isa = PBXBuildFile; fileRef = B894B0822232825600036A19 /* String-Extension.swift */; };
		B894B0852232ABE400036A19 /* HomeViewModel.swift in Sources */ = {isa = PBXBuildFile; fileRef = B894B0842232ABE400036A19 /* HomeViewModel.swift */; };
		B894B0872232AC4200036A19 /* HomeItemViewCell.swift in Sources */ = {isa = PBXBuildFile; fileRef = B894B0862232AC4200036A19 /* HomeItemViewCell.swift */; };
		B894B0892232AC7900036A19 /* HomeItemViewCell.xib in Resources */ = {isa = PBXBuildFile; fileRef = B894B0882232AC7900036A19 /* HomeItemViewCell.xib */; };
		B894B08B2232B0F400036A19 /* PhotoView.swift in Sources */ = {isa = PBXBuildFile; fileRef = B894B08A2232B0F400036A19 /* PhotoView.swift */; };
		B894B08D2232B26E00036A19 /* LTProvider.swift in Sources */ = {isa = PBXBuildFile; fileRef = B894B08C2232B26E00036A19 /* LTProvider.swift */; };
		B894B08F2232B3A800036A19 /* HomeViewCellViewModel.swift in Sources */ = {isa = PBXBuildFile; fileRef = B894B08E2232B3A800036A19 /* HomeViewCellViewModel.swift */; };
		B894B0912232B99100036A19 /* Date-Extension.swift in Sources */ = {isa = PBXBuildFile; fileRef = B894B0902232B99100036A19 /* Date-Extension.swift */; };
/* End PBXBuildFile section */

/* Begin PBXContainerItemProxy section */
		B8457B83223003E5006EC51F /* PBXContainerItemProxy */ = {
			isa = PBXContainerItemProxy;
			containerPortal = B8457B66223003E4006EC51F /* Project object */;
			proxyType = 1;
			remoteGlobalIDString = B8457B6D223003E4006EC51F;
			remoteInfo = LTY;
		};
		B8457B8E223003E5006EC51F /* PBXContainerItemProxy */ = {
			isa = PBXContainerItemProxy;
			containerPortal = B8457B66223003E4006EC51F /* Project object */;
			proxyType = 1;
			remoteGlobalIDString = B8457B6D223003E4006EC51F;
			remoteInfo = LTY;
		};
/* End PBXContainerItemProxy section */

/* Begin PBXFileReference section */
		163128B2DEE3844C892BFBE6 /* Pods-LTYUITests.release.xcconfig */ = {isa = PBXFileReference; includeInIndex = 1; lastKnownFileType = text.xcconfig; name = "Pods-LTYUITests.release.xcconfig"; path = "Target Support Files/Pods-LTYUITests/Pods-LTYUITests.release.xcconfig"; sourceTree = "<group>"; };
		293A8661A51BB5A055D196DD /* Pods-LTY.debug.xcconfig */ = {isa = PBXFileReference; includeInIndex = 1; lastKnownFileType = text.xcconfig; name = "Pods-LTY.debug.xcconfig"; path = "Target Support Files/Pods-LTY/Pods-LTY.debug.xcconfig"; sourceTree = "<group>"; };
		5DA7420060BB86BB6241ADB8 /* Pods-LTYTests.release.xcconfig */ = {isa = PBXFileReference; includeInIndex = 1; lastKnownFileType = text.xcconfig; name = "Pods-LTYTests.release.xcconfig"; path = "Target Support Files/Pods-LTYTests/Pods-LTYTests.release.xcconfig"; sourceTree = "<group>"; };
		734DC79C5B868C7B811DB3E5 /* Pods-LTYTests.debug.xcconfig */ = {isa = PBXFileReference; includeInIndex = 1; lastKnownFileType = text.xcconfig; name = "Pods-LTYTests.debug.xcconfig"; path = "Target Support Files/Pods-LTYTests/Pods-LTYTests.debug.xcconfig"; sourceTree = "<group>"; };
		9AFD60D2BDE117D5AC604542 /* Pods_LTYTests.framework */ = {isa = PBXFileReference; explicitFileType = wrapper.framework; includeInIndex = 0; path = Pods_LTYTests.framework; sourceTree = BUILT_PRODUCTS_DIR; };
		B691CDDB4AA78B8924A7DE45 /* Pods_LTY.framework */ = {isa = PBXFileReference; explicitFileType = wrapper.framework; includeInIndex = 0; path = Pods_LTY.framework; sourceTree = BUILT_PRODUCTS_DIR; };
		B8357F182234B5260020FE17 /* TransitionAnimator.swift */ = {isa = PBXFileReference; lastKnownFileType = sourcecode.swift; path = TransitionAnimator.swift; sourceTree = "<group>"; };
		B8457B6E223003E4006EC51F /* LTY.app */ = {isa = PBXFileReference; explicitFileType = wrapper.application; includeInIndex = 0; path = LTY.app; sourceTree = BUILT_PRODUCTS_DIR; };
		B8457B71223003E4006EC51F /* AppDelegate.swift */ = {isa = PBXFileReference; lastKnownFileType = sourcecode.swift; path = AppDelegate.swift; sourceTree = "<group>"; };
		B8457B73223003E4006EC51F /* ViewController.swift */ = {isa = PBXFileReference; lastKnownFileType = sourcecode.swift; path = ViewController.swift; sourceTree = "<group>"; };
		B8457B76223003E4006EC51F /* Base */ = {isa = PBXFileReference; lastKnownFileType = file.storyboard; name = Base; path = Base.lproj/Main.storyboard; sourceTree = "<group>"; };
		B8457B78223003E5006EC51F /* Assets.xcassets */ = {isa = PBXFileReference; lastKnownFileType = folder.assetcatalog; path = Assets.xcassets; sourceTree = "<group>"; };
		B8457B7B223003E5006EC51F /* Base */ = {isa = PBXFileReference; lastKnownFileType = file.storyboard; name = Base; path = Base.lproj/LaunchScreen.storyboard; sourceTree = "<group>"; };
		B8457B7D223003E5006EC51F /* Info.plist */ = {isa = PBXFileReference; lastKnownFileType = text.plist.xml; path = Info.plist; sourceTree = "<group>"; };
		B8457B82223003E5006EC51F /* LTYTests.xctest */ = {isa = PBXFileReference; explicitFileType = wrapper.cfbundle; includeInIndex = 0; path = LTYTests.xctest; sourceTree = BUILT_PRODUCTS_DIR; };
		B8457B86223003E5006EC51F /* LTYTests.swift */ = {isa = PBXFileReference; lastKnownFileType = sourcecode.swift; path = LTYTests.swift; sourceTree = "<group>"; };
		B8457B88223003E5006EC51F /* Info.plist */ = {isa = PBXFileReference; lastKnownFileType = text.plist.xml; path = Info.plist; sourceTree = "<group>"; };
		B8457B8D223003E5006EC51F /* LTYUITests.xctest */ = {isa = PBXFileReference; explicitFileType = wrapper.cfbundle; includeInIndex = 0; path = LTYUITests.xctest; sourceTree = BUILT_PRODUCTS_DIR; };
		B8457B91223003E5006EC51F /* LTYUITests.swift */ = {isa = PBXFileReference; lastKnownFileType = sourcecode.swift; path = LTYUITests.swift; sourceTree = "<group>"; };
		B8457B93223003E5006EC51F /* Info.plist */ = {isa = PBXFileReference; lastKnownFileType = text.plist.xml; path = Info.plist; sourceTree = "<group>"; };
		B8457BA822300955006EC51F /* HomeModel.swift */ = {isa = PBXFileReference; lastKnownFileType = sourcecode.swift; path = HomeModel.swift; sourceTree = "<group>"; };
		B8457BAA22300A40006EC51F /* HomeViewController.swift */ = {isa = PBXFileReference; lastKnownFileType = sourcecode.swift; path = HomeViewController.swift; sourceTree = "<group>"; };
		B8457BAE22300A89006EC51F /* PublishViewController.swift */ = {isa = PBXFileReference; lastKnownFileType = sourcecode.swift; path = PublishViewController.swift; sourceTree = "<group>"; };
		B8457BB022300A94006EC51F /* ProfileViewController.swift */ = {isa = PBXFileReference; lastKnownFileType = sourcecode.swift; path = ProfileViewController.swift; sourceTree = "<group>"; };
		B8457BB222300B12006EC51F /* SFTabBarController.swift */ = {isa = PBXFileReference; lastKnownFileType = sourcecode.swift; path = SFTabBarController.swift; sourceTree = "<group>"; };
		B8457BB422300B24006EC51F /* SFNavigationController.swift */ = {isa = PBXFileReference; lastKnownFileType = sourcecode.swift; path = SFNavigationController.swift; sourceTree = "<group>"; };
		B8457BB722300B51006EC51F /* SFConst.swift */ = {isa = PBXFileReference; lastKnownFileType = sourcecode.swift; path = SFConst.swift; sourceTree = "<group>"; };
		B8457BBA22300BE1006EC51F /* SFExtension.swift */ = {isa = PBXFileReference; fileEncoding = 4; lastKnownFileType = sourcecode.swift; path = SFExtension.swift; sourceTree = "<group>"; };
		B8457BBC22300C5A006EC51F /* UIScreen-Extension.swift */ = {isa = PBXFileReference; fileEncoding = 4; lastKnownFileType = sourcecode.swift; path = "UIScreen-Extension.swift"; sourceTree = "<group>"; };
		B8457BBE22300C63006EC51F /* UIDevice+SF.swift */ = {isa = PBXFileReference; fileEncoding = 4; lastKnownFileType = sourcecode.swift; path = "UIDevice+SF.swift"; sourceTree = "<group>"; };
		B8457BC122300CD7006EC51F /* Gradienter.swift */ = {isa = PBXFileReference; fileEncoding = 4; lastKnownFileType = sourcecode.swift; path = Gradienter.swift; sourceTree = "<group>"; };
		B8457BC222300CD7006EC51F /* FontHelper.swift */ = {isa = PBXFileReference; fileEncoding = 4; lastKnownFileType = sourcecode.swift; path = FontHelper.swift; sourceTree = "<group>"; };
		B8457BC322300CD7006EC51F /* ColorHelper.swift */ = {isa = PBXFileReference; fileEncoding = 4; lastKnownFileType = sourcecode.swift; path = ColorHelper.swift; sourceTree = "<group>"; };
		B8457BC422300CD7006EC51F /* RegexHelper.swift */ = {isa = PBXFileReference; fileEncoding = 4; lastKnownFileType = sourcecode.swift; path = RegexHelper.swift; sourceTree = "<group>"; };
		B8457BC522300CD7006EC51F /* TextSizeHelper.swift */ = {isa = PBXFileReference; fileEncoding = 4; lastKnownFileType = sourcecode.swift; path = TextSizeHelper.swift; sourceTree = "<group>"; };
		B8457BCB22300D15006EC51F /* UIColor+SF.swift */ = {isa = PBXFileReference; fileEncoding = 4; lastKnownFileType = sourcecode.swift; path = "UIColor+SF.swift"; sourceTree = "<group>"; };
		B8457BCD22301A50006EC51F /* UIImage+SF.swift */ = {isa = PBXFileReference; fileEncoding = 4; lastKnownFileType = sourcecode.swift; path = "UIImage+SF.swift"; sourceTree = "<group>"; };
		B8457BCF2230BE5C006EC51F /* TabBarItemContentView.swift */ = {isa = PBXFileReference; lastKnownFileType = sourcecode.swift; path = TabBarItemContentView.swift; sourceTree = "<group>"; };
		B8457BD22230C714006EC51F /* Toastable.swift */ = {isa = PBXFileReference; fileEncoding = 4; lastKnownFileType = sourcecode.swift; path = Toastable.swift; sourceTree = "<group>"; };
		B8457BD32230C715006EC51F /* Reusable.swift */ = {isa = PBXFileReference; fileEncoding = 4; lastKnownFileType = sourcecode.swift; path = Reusable.swift; sourceTree = "<group>"; };
		B8457BD42230C715006EC51F /* Updatable.swift */ = {isa = PBXFileReference; fileEncoding = 4; lastKnownFileType = sourcecode.swift; path = Updatable.swift; sourceTree = "<group>"; };
		B8457BD52230C715006EC51F /* ConfigurableTableViewCell.swift */ = {isa = PBXFileReference; fileEncoding = 4; lastKnownFileType = sourcecode.swift; path = ConfigurableTableViewCell.swift; sourceTree = "<group>"; };
		B8457BD62230C715006EC51F /* ControllerConfigurable.swift */ = {isa = PBXFileReference; fileEncoding = 4; lastKnownFileType = sourcecode.swift; path = ControllerConfigurable.swift; sourceTree = "<group>"; };
		B8457BD72230C716006EC51F /* NibLoadable.swift */ = {isa = PBXFileReference; fileEncoding = 4; lastKnownFileType = sourcecode.swift; path = NibLoadable.swift; sourceTree = "<group>"; };
		B8457BD82230C716006EC51F /* ViewModelType.swift */ = {isa = PBXFileReference; fileEncoding = 4; lastKnownFileType = sourcecode.swift; path = ViewModelType.swift; sourceTree = "<group>"; };
		B8457BE02230C839006EC51F /* Actionable.swift */ = {isa = PBXFileReference; lastKnownFileType = sourcecode.swift; path = Actionable.swift; sourceTree = "<group>"; };
		B8457BE52230CA2A006EC51F /* UIViewController+SF.swift */ = {isa = PBXFileReference; fileEncoding = 4; lastKnownFileType = sourcecode.swift; path = "UIViewController+SF.swift"; sourceTree = "<group>"; };
		B8457BE62230CA2A006EC51F /* UINavigationController+SF.swift */ = {isa = PBXFileReference; fileEncoding = 4; lastKnownFileType = sourcecode.swift; path = "UINavigationController+SF.swift"; sourceTree = "<group>"; };
		B8457BE72230CA2A006EC51F /* UICollectionView+SF.swift */ = {isa = PBXFileReference; fileEncoding = 4; lastKnownFileType = sourcecode.swift; path = "UICollectionView+SF.swift"; sourceTree = "<group>"; };
		B8457BE82230CA2A006EC51F /* UITableView+SF.swift */ = {isa = PBXFileReference; fileEncoding = 4; lastKnownFileType = sourcecode.swift; path = "UITableView+SF.swift"; sourceTree = "<group>"; };
		B8457BE92230CA2A006EC51F /* UIView+SF.swift */ = {isa = PBXFileReference; fileEncoding = 4; lastKnownFileType = sourcecode.swift; path = "UIView+SF.swift"; sourceTree = "<group>"; };
		B8457BEA2230CA2A006EC51F /* UIApplication+SF.swift */ = {isa = PBXFileReference; fileEncoding = 4; lastKnownFileType = sourcecode.swift; path = "UIApplication+SF.swift"; sourceTree = "<group>"; };
		B8457BEB2230CA2B006EC51F /* UIButton+SF.swift */ = {isa = PBXFileReference; fileEncoding = 4; lastKnownFileType = sourcecode.swift; path = "UIButton+SF.swift"; sourceTree = "<group>"; };
		B8457BF32230CA64006EC51F /* UIState+Rx.swift */ = {isa = PBXFileReference; fileEncoding = 4; lastKnownFileType = sourcecode.swift; path = "UIState+Rx.swift"; sourceTree = "<group>"; };
		B8457BF42230CA64006EC51F /* String+Rx.swift */ = {isa = PBXFileReference; fileEncoding = 4; lastKnownFileType = sourcecode.swift; path = "String+Rx.swift"; sourceTree = "<group>"; };
		B8457BF52230CA64006EC51F /* UIResponder+Rx.swift */ = {isa = PBXFileReference; fileEncoding = 4; lastKnownFileType = sourcecode.swift; path = "UIResponder+Rx.swift"; sourceTree = "<group>"; };
		B8457BF62230CA64006EC51F /* Response+Rx.swift */ = {isa = PBXFileReference; fileEncoding = 4; lastKnownFileType = sourcecode.swift; path = "Response+Rx.swift"; sourceTree = "<group>"; };
		B8457BF72230CA64006EC51F /* Operators.swift */ = {isa = PBXFileReference; fileEncoding = 4; lastKnownFileType = sourcecode.swift; path = Operators.swift; sourceTree = "<group>"; };
		B8457BF82230CA65006EC51F /* Countdown+Rx.swift */ = {isa = PBXFileReference; fileEncoding = 4; lastKnownFileType = sourcecode.swift; path = "Countdown+Rx.swift"; sourceTree = "<group>"; };
		B8457BF92230CA65006EC51F /* RxTableViewSectionedDelegate.swift */ = {isa = PBXFileReference; fileEncoding = 4; lastKnownFileType = sourcecode.swift; path = RxTableViewSectionedDelegate.swift; sourceTree = "<group>"; };
		B8457BFA2230CA65006EC51F /* Rx+Ext.swift */ = {isa = PBXFileReference; fileEncoding = 4; lastKnownFileType = sourcecode.swift; path = "Rx+Ext.swift"; sourceTree = "<group>"; };
		B8457BFB2230CA65006EC51F /* Then+Rx.swift */ = {isa = PBXFileReference; fileEncoding = 4; lastKnownFileType = sourcecode.swift; path = "Then+Rx.swift"; sourceTree = "<group>"; };
		B8457BFC2230CA65006EC51F /* SFToast+Rx.swift */ = {isa = PBXFileReference; fileEncoding = 4; lastKnownFileType = sourcecode.swift; path = "SFToast+Rx.swift"; sourceTree = "<group>"; };
		B8457BFD2230CA65006EC51F /* ShareOnce+Rx.swift */ = {isa = PBXFileReference; fileEncoding = 4; lastKnownFileType = sourcecode.swift; path = "ShareOnce+Rx.swift"; sourceTree = "<group>"; };
		B8457BFE2230CA65006EC51F /* MJRefresh+Rx.swift */ = {isa = PBXFileReference; fileEncoding = 4; lastKnownFileType = sourcecode.swift; path = "MJRefresh+Rx.swift"; sourceTree = "<group>"; };
		B8457BFF2230CA65006EC51F /* MapTo+Rx.swift */ = {isa = PBXFileReference; fileEncoding = 4; lastKnownFileType = sourcecode.swift; path = "MapTo+Rx.swift"; sourceTree = "<group>"; };
		B8457C002230CA66006EC51F /* SFError+Rx.swift */ = {isa = PBXFileReference; fileEncoding = 4; lastKnownFileType = sourcecode.swift; path = "SFError+Rx.swift"; sourceTree = "<group>"; };
		B8457C012230CA66006EC51F /* UITextField+Rx.swift */ = {isa = PBXFileReference; fileEncoding = 4; lastKnownFileType = sourcecode.swift; path = "UITextField+Rx.swift"; sourceTree = "<group>"; };
		B8457C022230CA66006EC51F /* UIView+Rx.swift */ = {isa = PBXFileReference; fileEncoding = 4; lastKnownFileType = sourcecode.swift; path = "UIView+Rx.swift"; sourceTree = "<group>"; };
		B8457C032230CA66006EC51F /* UIAlertController+Rx.swift */ = {isa = PBXFileReference; fileEncoding = 4; lastKnownFileType = sourcecode.swift; path = "UIAlertController+Rx.swift"; sourceTree = "<group>"; };
		B8457C042230CA66006EC51F /* UIViewController+Rx.swift */ = {isa = PBXFileReference; fileEncoding = 4; lastKnownFileType = sourcecode.swift; path = "UIViewController+Rx.swift"; sourceTree = "<group>"; };
		B8457C052230CA66006EC51F /* RxTextFieldDelegateProxy.swift */ = {isa = PBXFileReference; fileEncoding = 4; lastKnownFileType = sourcecode.swift; path = RxTextFieldDelegateProxy.swift; sourceTree = "<group>"; };
		B8457C062230CA66006EC51F /* UITextView+Rx.swift */ = {isa = PBXFileReference; fileEncoding = 4; lastKnownFileType = sourcecode.swift; path = "UITextView+Rx.swift"; sourceTree = "<group>"; };
		B8457C1D2230CADC006EC51F /* TargetType+Request.swift */ = {isa = PBXFileReference; fileEncoding = 4; lastKnownFileType = sourcecode.swift; path = "TargetType+Request.swift"; sourceTree = "<group>"; };
		B8457C1E2230CADC006EC51F /* HTTPService.swift */ = {isa = PBXFileReference; fileEncoding = 4; lastKnownFileType = sourcecode.swift; path = HTTPService.swift; sourceTree = "<group>"; };
		B8457C1F2230CADC006EC51F /* HTTPService+Rx.swift */ = {isa = PBXFileReference; fileEncoding = 4; lastKnownFileType = sourcecode.swift; path = "HTTPService+Rx.swift"; sourceTree = "<group>"; };
		B8457C202230CADC006EC51F /* MoyaPlugin.swift */ = {isa = PBXFileReference; fileEncoding = 4; lastKnownFileType = sourcecode.swift; path = MoyaPlugin.swift; sourceTree = "<group>"; };
		B8457C252230CC23006EC51F /* NSObject+Rx.swift */ = {isa = PBXFileReference; fileEncoding = 4; lastKnownFileType = sourcecode.swift; path = "NSObject+Rx.swift"; sourceTree = "<group>"; };
		B8457C272230CD69006EC51F /* UIBarButtonItem-Extension.swift */ = {isa = PBXFileReference; fileEncoding = 4; lastKnownFileType = sourcecode.swift; path = "UIBarButtonItem-Extension.swift"; sourceTree = "<group>"; };
		B85BAFDF2233F3CE00264125 /* FPSLabel.swift */ = {isa = PBXFileReference; lastKnownFileType = sourcecode.swift; path = FPSLabel.swift; sourceTree = "<group>"; };
		B85BAFE12233FDF200264125 /* NotifyHelper.swift */ = {isa = PBXFileReference; fileEncoding = 4; lastKnownFileType = sourcecode.swift; path = NotifyHelper.swift; sourceTree = "<group>"; };
		B894B06122324D0D00036A19 /* AddPhotoViewCell.swift */ = {isa = PBXFileReference; lastKnownFileType = sourcecode.swift; path = AddPhotoViewCell.swift; sourceTree = "<group>"; };
		B894B06322324DA000036A19 /* UIView-Extension.swift */ = {isa = PBXFileReference; fileEncoding = 4; lastKnownFileType = sourcecode.swift; path = "UIView-Extension.swift"; sourceTree = "<group>"; };
		B894B06622324EF700036A19 /* NiblessView.swift */ = {isa = PBXFileReference; lastKnownFileType = sourcecode.swift; path = NiblessView.swift; sourceTree = "<group>"; };
		B894B06922324FB200036A19 /* PhotoModel.swift */ = {isa = PBXFileReference; lastKnownFileType = sourcecode.swift; path = PhotoModel.swift; sourceTree = "<group>"; };
		B894B06B2232529B00036A19 /* Bundle-Extension.swift */ = {isa = PBXFileReference; fileEncoding = 4; lastKnownFileType = sourcecode.swift; path = "Bundle-Extension.swift"; sourceTree = "<group>"; };
		B894B06C2232529B00036A19 /* DispatchTime-Extension.swift */ = {isa = PBXFileReference; fileEncoding = 4; lastKnownFileType = sourcecode.swift; path = "DispatchTime-Extension.swift"; sourceTree = "<group>"; };
		B894B06D2232529B00036A19 /* NSLayoutConstraint-Extension.swift */ = {isa = PBXFileReference; fileEncoding = 4; lastKnownFileType = sourcecode.swift; path = "NSLayoutConstraint-Extension.swift"; sourceTree = "<group>"; };
		B894B06E2232529B00036A19 /* UITabBar-Extension.swift */ = {isa = PBXFileReference; fileEncoding = 4; lastKnownFileType = sourcecode.swift; path = "UITabBar-Extension.swift"; sourceTree = "<group>"; };
		B894B06F2232529B00036A19 /* UIButton-Extension.swift */ = {isa = PBXFileReference; fileEncoding = 4; lastKnownFileType = sourcecode.swift; path = "UIButton-Extension.swift"; sourceTree = "<group>"; };
		B894B0702232529B00036A19 /* Array-Extension.swift */ = {isa = PBXFileReference; fileEncoding = 4; lastKnownFileType = sourcecode.swift; path = "Array-Extension.swift"; sourceTree = "<group>"; };
		B894B0712232529B00036A19 /* Sequence+Extension.swift */ = {isa = PBXFileReference; fileEncoding = 4; lastKnownFileType = sourcecode.swift; path = "Sequence+Extension.swift"; sourceTree = "<group>"; };
		B894B0722232529B00036A19 /* UILabel-Extension.swift */ = {isa = PBXFileReference; fileEncoding = 4; lastKnownFileType = sourcecode.swift; path = "UILabel-Extension.swift"; sourceTree = "<group>"; };
		B894B07C2232648700036A19 /* PublishViewModel.swift */ = {isa = PBXFileReference; lastKnownFileType = sourcecode.swift; path = PublishViewModel.swift; sourceTree = "<group>"; };
		B894B07E2232688B00036A19 /* NiblessViewController.swift */ = {isa = PBXFileReference; lastKnownFileType = sourcecode.swift; path = NiblessViewController.swift; sourceTree = "<group>"; };
		B894B0802232819B00036A19 /* DBManager.swift */ = {isa = PBXFileReference; lastKnownFileType = sourcecode.swift; path = DBManager.swift; sourceTree = "<group>"; };
		B894B0822232825600036A19 /* String-Extension.swift */ = {isa = PBXFileReference; fileEncoding = 4; lastKnownFileType = sourcecode.swift; path = "String-Extension.swift"; sourceTree = "<group>"; };
		B894B0842232ABE400036A19 /* HomeViewModel.swift */ = {isa = PBXFileReference; lastKnownFileType = sourcecode.swift; path = HomeViewModel.swift; sourceTree = "<group>"; };
		B894B0862232AC4200036A19 /* HomeItemViewCell.swift */ = {isa = PBXFileReference; lastKnownFileType = sourcecode.swift; path = HomeItemViewCell.swift; sourceTree = "<group>"; };
		B894B0882232AC7900036A19 /* HomeItemViewCell.xib */ = {isa = PBXFileReference; lastKnownFileType = file.xib; path = HomeItemViewCell.xib; sourceTree = "<group>"; };
		B894B08A2232B0F400036A19 /* PhotoView.swift */ = {isa = PBXFileReference; lastKnownFileType = sourcecode.swift; path = PhotoView.swift; sourceTree = "<group>"; };
		B894B08C2232B26E00036A19 /* LTProvider.swift */ = {isa = PBXFileReference; lastKnownFileType = sourcecode.swift; path = LTProvider.swift; sourceTree = "<group>"; };
		B894B08E2232B3A800036A19 /* HomeViewCellViewModel.swift */ = {isa = PBXFileReference; lastKnownFileType = sourcecode.swift; path = HomeViewCellViewModel.swift; sourceTree = "<group>"; };
		B894B0902232B99100036A19 /* Date-Extension.swift */ = {isa = PBXFileReference; lastKnownFileType = sourcecode.swift; path = "Date-Extension.swift"; sourceTree = "<group>"; };
		CA6A4058C100080C23A0B791 /* Pods-LTY.release.xcconfig */ = {isa = PBXFileReference; includeInIndex = 1; lastKnownFileType = text.xcconfig; name = "Pods-LTY.release.xcconfig"; path = "Target Support Files/Pods-LTY/Pods-LTY.release.xcconfig"; sourceTree = "<group>"; };
		E7FBCF0E367C29C9DE16C756 /* Pods-LTYUITests.debug.xcconfig */ = {isa = PBXFileReference; includeInIndex = 1; lastKnownFileType = text.xcconfig; name = "Pods-LTYUITests.debug.xcconfig"; path = "Target Support Files/Pods-LTYUITests/Pods-LTYUITests.debug.xcconfig"; sourceTree = "<group>"; };
		EBA13C73BABF0CB00D18DE18 /* Pods_LTYUITests.framework */ = {isa = PBXFileReference; explicitFileType = wrapper.framework; includeInIndex = 0; path = Pods_LTYUITests.framework; sourceTree = BUILT_PRODUCTS_DIR; };
/* End PBXFileReference section */

/* Begin PBXFrameworksBuildPhase section */
		B8457B6B223003E4006EC51F /* Frameworks */ = {
			isa = PBXFrameworksBuildPhase;
			buildActionMask = 2147483647;
			files = (
				691906FBB043EFAE42BEEFBF /* Pods_LTY.framework in Frameworks */,
			);
			runOnlyForDeploymentPostprocessing = 0;
		};
		B8457B7F223003E5006EC51F /* Frameworks */ = {
			isa = PBXFrameworksBuildPhase;
			buildActionMask = 2147483647;
			files = (
				261AC72BA32BBAFD44AC5135 /* Pods_LTYTests.framework in Frameworks */,
			);
			runOnlyForDeploymentPostprocessing = 0;
		};
		B8457B8A223003E5006EC51F /* Frameworks */ = {
			isa = PBXFrameworksBuildPhase;
			buildActionMask = 2147483647;
			files = (
				0B62FF724AEF10B259DEA04B /* Pods_LTYUITests.framework in Frameworks */,
			);
			runOnlyForDeploymentPostprocessing = 0;
		};
/* End PBXFrameworksBuildPhase section */

/* Begin PBXGroup section */
		743FC9560C7CDEBD107078A7 /* Pods */ = {
			isa = PBXGroup;
			children = (
				293A8661A51BB5A055D196DD /* Pods-LTY.debug.xcconfig */,
				CA6A4058C100080C23A0B791 /* Pods-LTY.release.xcconfig */,
				734DC79C5B868C7B811DB3E5 /* Pods-LTYTests.debug.xcconfig */,
				5DA7420060BB86BB6241ADB8 /* Pods-LTYTests.release.xcconfig */,
				E7FBCF0E367C29C9DE16C756 /* Pods-LTYUITests.debug.xcconfig */,
				163128B2DEE3844C892BFBE6 /* Pods-LTYUITests.release.xcconfig */,
			);
			path = Pods;
			sourceTree = "<group>";
		};
		977370ABA8DF97A10A8092A2 /* Frameworks */ = {
			isa = PBXGroup;
			children = (
				B691CDDB4AA78B8924A7DE45 /* Pods_LTY.framework */,
				9AFD60D2BDE117D5AC604542 /* Pods_LTYTests.framework */,
				EBA13C73BABF0CB00D18DE18 /* Pods_LTYUITests.framework */,
			);
			name = Frameworks;
			sourceTree = "<group>";
		};
		B8357F172234B4DF0020FE17 /* Animator */ = {
			isa = PBXGroup;
			children = (
				B8357F182234B5260020FE17 /* TransitionAnimator.swift */,
			);
			path = Animator;
			sourceTree = "<group>";
		};
		B8457B65223003E4006EC51F = {
			isa = PBXGroup;
			children = (
				B8457B70223003E4006EC51F /* LTY */,
				B8457B85223003E5006EC51F /* LTYTests */,
				B8457B90223003E5006EC51F /* LTYUITests */,
				B8457B6F223003E4006EC51F /* Products */,
				743FC9560C7CDEBD107078A7 /* Pods */,
				977370ABA8DF97A10A8092A2 /* Frameworks */,
			);
			sourceTree = "<group>";
		};
		B8457B6F223003E4006EC51F /* Products */ = {
			isa = PBXGroup;
			children = (
				B8457B6E223003E4006EC51F /* LTY.app */,
				B8457B82223003E5006EC51F /* LTYTests.xctest */,
				B8457B8D223003E5006EC51F /* LTYUITests.xctest */,
			);
			name = Products;
			sourceTree = "<group>";
		};
		B8457B70223003E4006EC51F /* LTY */ = {
			isa = PBXGroup;
			children = (
				B8457B71223003E4006EC51F /* AppDelegate.swift */,
				B8457B73223003E4006EC51F /* ViewController.swift */,
				B8457BB622300B40006EC51F /* Common */,
				B8457B9F2230062C006EC51F /* Main */,
				B8457BA022300671006EC51F /* Scenes */,
				B8457B75223003E4006EC51F /* Main.storyboard */,
				B8457B78223003E5006EC51F /* Assets.xcassets */,
				B8457B7A223003E5006EC51F /* LaunchScreen.storyboard */,
				B8457B7D223003E5006EC51F /* Info.plist */,
			);
			path = LTY;
			sourceTree = "<group>";
		};
		B8457B85223003E5006EC51F /* LTYTests */ = {
			isa = PBXGroup;
			children = (
				B8457B86223003E5006EC51F /* LTYTests.swift */,
				B8457B88223003E5006EC51F /* Info.plist */,
			);
			path = LTYTests;
			sourceTree = "<group>";
		};
		B8457B90223003E5006EC51F /* LTYUITests */ = {
			isa = PBXGroup;
			children = (
				B8457B91223003E5006EC51F /* LTYUITests.swift */,
				B8457B93223003E5006EC51F /* Info.plist */,
			);
			path = LTYUITests;
			sourceTree = "<group>";
		};
		B8457B9F2230062C006EC51F /* Main */ = {
			isa = PBXGroup;
			children = (
				B8457BB222300B12006EC51F /* SFTabBarController.swift */,
				B8457BCF2230BE5C006EC51F /* TabBarItemContentView.swift */,
				B8457BB422300B24006EC51F /* SFNavigationController.swift */,
				B894B08C2232B26E00036A19 /* LTProvider.swift */,
			);
			path = Main;
			sourceTree = "<group>";
		};
		B8457BA022300671006EC51F /* Scenes */ = {
			isa = PBXGroup;
			children = (
				B8457BA12230068A006EC51F /* Home */,
				B8457BA22230068F006EC51F /* Publish */,
				B8457BA3223006A8006EC51F /* Profile */,
			);
			path = Scenes;
			sourceTree = "<group>";
		};
		B8457BA12230068A006EC51F /* Home */ = {
			isa = PBXGroup;
			children = (
				B8457BA722300934006EC51F /* Model */,
				B8457BA622300924006EC51F /* ViewModel */,
				B8457BA52230091F006EC51F /* Controller */,
				B8457BA422300915006EC51F /* View */,
			);
			path = Home;
			sourceTree = "<group>";
		};
		B8457BA22230068F006EC51F /* Publish */ = {
			isa = PBXGroup;
			children = (
				B894B07B2232647200036A19 /* ViewModel */,
				B894B06822324F7000036A19 /* Model */,
				B894B06022324CF100036A19 /* View */,
				B8457BAC22300A67006EC51F /* ViewController */,
			);
			path = Publish;
			sourceTree = "<group>";
		};
		B8457BA3223006A8006EC51F /* Profile */ = {
			isa = PBXGroup;
			children = (
				B8457BAD22300A6F006EC51F /* ViewController */,
			);
			path = Profile;
			sourceTree = "<group>";
		};
		B8457BA422300915006EC51F /* View */ = {
			isa = PBXGroup;
			children = (
				B894B0862232AC4200036A19 /* HomeItemViewCell.swift */,
				B894B0882232AC7900036A19 /* HomeItemViewCell.xib */,
				B894B08A2232B0F400036A19 /* PhotoView.swift */,
			);
			path = View;
			sourceTree = "<group>";
		};
		B8457BA52230091F006EC51F /* Controller */ = {
			isa = PBXGroup;
			children = (
				B8457BAA22300A40006EC51F /* HomeViewController.swift */,
			);
			path = Controller;
			sourceTree = "<group>";
		};
		B8457BA622300924006EC51F /* ViewModel */ = {
			isa = PBXGroup;
			children = (
				B894B0842232ABE400036A19 /* HomeViewModel.swift */,
				B894B08E2232B3A800036A19 /* HomeViewCellViewModel.swift */,
			);
			path = ViewModel;
			sourceTree = "<group>";
		};
		B8457BA722300934006EC51F /* Model */ = {
			isa = PBXGroup;
			children = (
				B8457BA822300955006EC51F /* HomeModel.swift */,
			);
			path = Model;
			sourceTree = "<group>";
		};
		B8457BAC22300A67006EC51F /* ViewController */ = {
			isa = PBXGroup;
			children = (
				B8457BAE22300A89006EC51F /* PublishViewController.swift */,
			);
			path = ViewController;
			sourceTree = "<group>";
		};
		B8457BAD22300A6F006EC51F /* ViewController */ = {
			isa = PBXGroup;
			children = (
				B8457BB022300A94006EC51F /* ProfileViewController.swift */,
			);
			path = ViewController;
			sourceTree = "<group>";
		};
		B8457BB622300B40006EC51F /* Common */ = {
			isa = PBXGroup;
			children = (
				B8457BB722300B51006EC51F /* SFConst.swift */,
				B8357F172234B4DF0020FE17 /* Animator */,
				B894B06522324EDB00036A19 /* Base */,
				B8457BD12230C6A0006EC51F /* Protocol */,
				B8457BC022300CA2006EC51F /* Helper */,
				B8457BB922300BAE006EC51F /* Extension */,
			);
			path = Common;
			sourceTree = "<group>";
		};
		B8457BB922300BAE006EC51F /* Extension */ = {
			isa = PBXGroup;
			children = (
				B8457BE42230C9CE006EC51F /* System */,
				B8457BE32230C9BD006EC51F /* Rx */,
				B8457BE22230C9B2006EC51F /* SF */,
			);
			path = Extension;
			sourceTree = "<group>";
		};
		B8457BC022300CA2006EC51F /* Helper */ = {
			isa = PBXGroup;
			children = (
				B8457C1C2230CACB006EC51F /* NetWork */,
				B8457C1B2230CAC1006EC51F /* Other */,
			);
			path = Helper;
			sourceTree = "<group>";
		};
		B8457BD12230C6A0006EC51F /* Protocol */ = {
			isa = PBXGroup;
			children = (
				B8457BD52230C715006EC51F /* ConfigurableTableViewCell.swift */,
				B8457BD62230C715006EC51F /* ControllerConfigurable.swift */,
				B8457BE02230C839006EC51F /* Actionable.swift */,
				B8457BD72230C716006EC51F /* NibLoadable.swift */,
				B8457BD32230C715006EC51F /* Reusable.swift */,
				B8457BD22230C714006EC51F /* Toastable.swift */,
				B8457BD42230C715006EC51F /* Updatable.swift */,
				B8457BD82230C716006EC51F /* ViewModelType.swift */,
			);
			path = Protocol;
			sourceTree = "<group>";
		};
		B8457BE22230C9B2006EC51F /* SF */ = {
			isa = PBXGroup;
			children = (
				B8457BBA22300BE1006EC51F /* SFExtension.swift */,
				B8457BCB22300D15006EC51F /* UIColor+SF.swift */,
				B8457BCD22301A50006EC51F /* UIImage+SF.swift */,
				B8457BBE22300C63006EC51F /* UIDevice+SF.swift */,
				B8457BEA2230CA2A006EC51F /* UIApplication+SF.swift */,
				B8457BEB2230CA2B006EC51F /* UIButton+SF.swift */,
				B8457BE72230CA2A006EC51F /* UICollectionView+SF.swift */,
				B8457BE62230CA2A006EC51F /* UINavigationController+SF.swift */,
				B8457BE82230CA2A006EC51F /* UITableView+SF.swift */,
				B8457BE92230CA2A006EC51F /* UIView+SF.swift */,
				B8457BE52230CA2A006EC51F /* UIViewController+SF.swift */,
			);
			path = SF;
			sourceTree = "<group>";
		};
		B8457BE32230C9BD006EC51F /* Rx */ = {
			isa = PBXGroup;
			children = (
				B8457C252230CC23006EC51F /* NSObject+Rx.swift */,
				B8457BF82230CA65006EC51F /* Countdown+Rx.swift */,
				B8457BFF2230CA65006EC51F /* MapTo+Rx.swift */,
				B8457BFE2230CA65006EC51F /* MJRefresh+Rx.swift */,
				B8457BF72230CA64006EC51F /* Operators.swift */,
				B8457BF62230CA64006EC51F /* Response+Rx.swift */,
				B8457BFA2230CA65006EC51F /* Rx+Ext.swift */,
				B8457BF92230CA65006EC51F /* RxTableViewSectionedDelegate.swift */,
				B8457C052230CA66006EC51F /* RxTextFieldDelegateProxy.swift */,
				B8457C002230CA66006EC51F /* SFError+Rx.swift */,
				B8457BFC2230CA65006EC51F /* SFToast+Rx.swift */,
				B8457BFD2230CA65006EC51F /* ShareOnce+Rx.swift */,
				B8457BF42230CA64006EC51F /* String+Rx.swift */,
				B8457BFB2230CA65006EC51F /* Then+Rx.swift */,
				B8457C032230CA66006EC51F /* UIAlertController+Rx.swift */,
				B8457BF52230CA64006EC51F /* UIResponder+Rx.swift */,
				B8457BF32230CA64006EC51F /* UIState+Rx.swift */,
				B8457C012230CA66006EC51F /* UITextField+Rx.swift */,
				B8457C062230CA66006EC51F /* UITextView+Rx.swift */,
				B8457C022230CA66006EC51F /* UIView+Rx.swift */,
				B8457C042230CA66006EC51F /* UIViewController+Rx.swift */,
			);
			path = Rx;
			sourceTree = "<group>";
		};
		B8457BE42230C9CE006EC51F /* System */ = {
			isa = PBXGroup;
			children = (
				B894B0702232529B00036A19 /* Array-Extension.swift */,
				B894B0822232825600036A19 /* String-Extension.swift */,
				B894B06B2232529B00036A19 /* Bundle-Extension.swift */,
				B894B06C2232529B00036A19 /* DispatchTime-Extension.swift */,
				B894B06D2232529B00036A19 /* NSLayoutConstraint-Extension.swift */,
				B894B0712232529B00036A19 /* Sequence+Extension.swift */,
				B894B06F2232529B00036A19 /* UIButton-Extension.swift */,
				B894B0722232529B00036A19 /* UILabel-Extension.swift */,
				B894B06E2232529B00036A19 /* UITabBar-Extension.swift */,
				B894B06322324DA000036A19 /* UIView-Extension.swift */,
				B8457C272230CD69006EC51F /* UIBarButtonItem-Extension.swift */,
				B8457BBC22300C5A006EC51F /* UIScreen-Extension.swift */,
				B894B0902232B99100036A19 /* Date-Extension.swift */,
			);
			path = System;
			sourceTree = "<group>";
		};
		B8457C1B2230CAC1006EC51F /* Other */ = {
			isa = PBXGroup;
			children = (
				B8457BC322300CD7006EC51F /* ColorHelper.swift */,
				B8457BC222300CD7006EC51F /* FontHelper.swift */,
				B8457BC122300CD7006EC51F /* Gradienter.swift */,
				B8457BC422300CD7006EC51F /* RegexHelper.swift */,
				B8457BC522300CD7006EC51F /* TextSizeHelper.swift */,
				B894B0802232819B00036A19 /* DBManager.swift */,
				B85BAFE12233FDF200264125 /* NotifyHelper.swift */,
			);
			path = Other;
			sourceTree = "<group>";
		};
		B8457C1C2230CACB006EC51F /* NetWork */ = {
			isa = PBXGroup;
			children = (
				B8457C1E2230CADC006EC51F /* HTTPService.swift */,
				B8457C1F2230CADC006EC51F /* HTTPService+Rx.swift */,
				B8457C202230CADC006EC51F /* MoyaPlugin.swift */,
				B8457C1D2230CADC006EC51F /* TargetType+Request.swift */,
			);
			path = NetWork;
			sourceTree = "<group>";
		};
		B894B06022324CF100036A19 /* View */ = {
			isa = PBXGroup;
			children = (
				B894B06122324D0D00036A19 /* AddPhotoViewCell.swift */,
			);
			path = View;
			sourceTree = "<group>";
		};
		B894B06522324EDB00036A19 /* Base */ = {
			isa = PBXGroup;
			children = (
				B894B06622324EF700036A19 /* NiblessView.swift */,
				B894B07E2232688B00036A19 /* NiblessViewController.swift */,
				B85BAFDF2233F3CE00264125 /* FPSLabel.swift */,
			);
			path = Base;
			sourceTree = "<group>";
		};
		B894B06822324F7000036A19 /* Model */ = {
			isa = PBXGroup;
			children = (
				B894B06922324FB200036A19 /* PhotoModel.swift */,
			);
			path = Model;
			sourceTree = "<group>";
		};
		B894B07B2232647200036A19 /* ViewModel */ = {
			isa = PBXGroup;
			children = (
				B894B07C2232648700036A19 /* PublishViewModel.swift */,
			);
			path = ViewModel;
			sourceTree = "<group>";
		};
/* End PBXGroup section */

/* Begin PBXNativeTarget section */
		B8457B6D223003E4006EC51F /* LTY */ = {
			isa = PBXNativeTarget;
			buildConfigurationList = B8457B96223003E5006EC51F /* Build configuration list for PBXNativeTarget "LTY" */;
			buildPhases = (
				14CCF89BBC9C5105E644CC89 /* [CP] Check Pods Manifest.lock */,
				B8457B6A223003E4006EC51F /* Sources */,
				B8457B6B223003E4006EC51F /* Frameworks */,
				B8457B6C223003E4006EC51F /* Resources */,
				109912DE8CEBA3119B3528A5 /* [CP] Embed Pods Frameworks */,
			);
			buildRules = (
			);
			dependencies = (
			);
			name = LTY;
			productName = LTY;
			productReference = B8457B6E223003E4006EC51F /* LTY.app */;
			productType = "com.apple.product-type.application";
		};
		B8457B81223003E5006EC51F /* LTYTests */ = {
			isa = PBXNativeTarget;
			buildConfigurationList = B8457B99223003E5006EC51F /* Build configuration list for PBXNativeTarget "LTYTests" */;
			buildPhases = (
				26A3099F60E76EB32EF7BDA5 /* [CP] Check Pods Manifest.lock */,
				B8457B7E223003E5006EC51F /* Sources */,
				B8457B7F223003E5006EC51F /* Frameworks */,
				B8457B80223003E5006EC51F /* Resources */,
			);
			buildRules = (
			);
			dependencies = (
				B8457B84223003E5006EC51F /* PBXTargetDependency */,
			);
			name = LTYTests;
			productName = LTYTests;
			productReference = B8457B82223003E5006EC51F /* LTYTests.xctest */;
			productType = "com.apple.product-type.bundle.unit-test";
		};
		B8457B8C223003E5006EC51F /* LTYUITests */ = {
			isa = PBXNativeTarget;
			buildConfigurationList = B8457B9C223003E5006EC51F /* Build configuration list for PBXNativeTarget "LTYUITests" */;
			buildPhases = (
				FA456BEA6265AC6B9FF46D2C /* [CP] Check Pods Manifest.lock */,
				B8457B89223003E5006EC51F /* Sources */,
				B8457B8A223003E5006EC51F /* Frameworks */,
				B8457B8B223003E5006EC51F /* Resources */,
			);
			buildRules = (
			);
			dependencies = (
				B8457B8F223003E5006EC51F /* PBXTargetDependency */,
			);
			name = LTYUITests;
			productName = LTYUITests;
			productReference = B8457B8D223003E5006EC51F /* LTYUITests.xctest */;
			productType = "com.apple.product-type.bundle.ui-testing";
		};
/* End PBXNativeTarget section */

/* Begin PBXProject section */
		B8457B66223003E4006EC51F /* Project object */ = {
			isa = PBXProject;
			attributes = {
				LastSwiftUpdateCheck = 1010;
				LastUpgradeCheck = 1010;
				ORGANIZATIONNAME = Coder.flower;
				TargetAttributes = {
					B8457B6D223003E4006EC51F = {
						CreatedOnToolsVersion = 10.1;
					};
					B8457B81223003E5006EC51F = {
						CreatedOnToolsVersion = 10.1;
						TestTargetID = B8457B6D223003E4006EC51F;
					};
					B8457B8C223003E5006EC51F = {
						CreatedOnToolsVersion = 10.1;
						TestTargetID = B8457B6D223003E4006EC51F;
					};
				};
			};
			buildConfigurationList = B8457B69223003E4006EC51F /* Build configuration list for PBXProject "LTY" */;
			compatibilityVersion = "Xcode 9.3";
			developmentRegion = en;
			hasScannedForEncodings = 0;
			knownRegions = (
				en,
				Base,
			);
			mainGroup = B8457B65223003E4006EC51F;
			productRefGroup = B8457B6F223003E4006EC51F /* Products */;
			projectDirPath = "";
			projectRoot = "";
			targets = (
				B8457B6D223003E4006EC51F /* LTY */,
				B8457B81223003E5006EC51F /* LTYTests */,
				B8457B8C223003E5006EC51F /* LTYUITests */,
			);
		};
/* End PBXProject section */

/* Begin PBXResourcesBuildPhase section */
		B8457B6C223003E4006EC51F /* Resources */ = {
			isa = PBXResourcesBuildPhase;
			buildActionMask = 2147483647;
			files = (
				B894B0892232AC7900036A19 /* HomeItemViewCell.xib in Resources */,
				B8457B7C223003E5006EC51F /* LaunchScreen.storyboard in Resources */,
				B8457B79223003E5006EC51F /* Assets.xcassets in Resources */,
				B8457B77223003E4006EC51F /* Main.storyboard in Resources */,
			);
			runOnlyForDeploymentPostprocessing = 0;
		};
		B8457B80223003E5006EC51F /* Resources */ = {
			isa = PBXResourcesBuildPhase;
			buildActionMask = 2147483647;
			files = (
			);
			runOnlyForDeploymentPostprocessing = 0;
		};
		B8457B8B223003E5006EC51F /* Resources */ = {
			isa = PBXResourcesBuildPhase;
			buildActionMask = 2147483647;
			files = (
			);
			runOnlyForDeploymentPostprocessing = 0;
		};
/* End PBXResourcesBuildPhase section */

/* Begin PBXShellScriptBuildPhase section */
		109912DE8CEBA3119B3528A5 /* [CP] Embed Pods Frameworks */ = {
			isa = PBXShellScriptBuildPhase;
			buildActionMask = 2147483647;
			files = (
			);
			inputFileListPaths = (
			);
			inputPaths = (
				"${PODS_ROOT}/Target Support Files/Pods-LTY/Pods-LTY-frameworks.sh",
				"${BUILT_PRODUCTS_DIR}/Alamofire/Alamofire.framework",
				"${BUILT_PRODUCTS_DIR}/Cache/Cache.framework",
				"${BUILT_PRODUCTS_DIR}/CleanJSON/CleanJSON.framework",
				"${BUILT_PRODUCTS_DIR}/CollectionKit/CollectionKit.framework",
				"${BUILT_PRODUCTS_DIR}/Differentiator/Differentiator.framework",
				"${BUILT_PRODUCTS_DIR}/ESTabBarController-swift/ESTabBarController_swift.framework",
				"${BUILT_PRODUCTS_DIR}/EachNavigationBar/EachNavigationBar.framework",
				"${BUILT_PRODUCTS_DIR}/IQKeyboardManagerSwift/IQKeyboardManagerSwift.framework",
				"${BUILT_PRODUCTS_DIR}/Kingfisher/Kingfisher.framework",
				"${BUILT_PRODUCTS_DIR}/MJRefresh/MJRefresh.framework",
				"${BUILT_PRODUCTS_DIR}/Moya/Moya.framework",
				"${BUILT_PRODUCTS_DIR}/Result/Result.framework",
				"${BUILT_PRODUCTS_DIR}/RxAtomic/RxAtomic.framework",
				"${BUILT_PRODUCTS_DIR}/RxCocoa/RxCocoa.framework",
				"${BUILT_PRODUCTS_DIR}/RxDataSources/RxDataSources.framework",
				"${BUILT_PRODUCTS_DIR}/RxGesture/RxGesture.framework",
				"${BUILT_PRODUCTS_DIR}/RxSwift/RxSwift.framework",
				"${BUILT_PRODUCTS_DIR}/RxSwiftExt/RxSwiftExt.framework",
				"${BUILT_PRODUCTS_DIR}/SQLiteRepairKit/sqliterk.framework",
				"${BUILT_PRODUCTS_DIR}/SnapKit/SnapKit.framework",
				"${BUILT_PRODUCTS_DIR}/TZImagePickerController/TZImagePickerController.framework",
				"${BUILT_PRODUCTS_DIR}/Toast-Swift/Toast_Swift.framework",
				"${BUILT_PRODUCTS_DIR}/WCDB.swift/WCDBSwift.framework",
				"${BUILT_PRODUCTS_DIR}/WCDBOptimizedSQLCipher/sqlcipher.framework",
			);
			name = "[CP] Embed Pods Frameworks";
			outputFileListPaths = (
			);
			outputPaths = (
				"${TARGET_BUILD_DIR}/${FRAMEWORKS_FOLDER_PATH}/Alamofire.framework",
				"${TARGET_BUILD_DIR}/${FRAMEWORKS_FOLDER_PATH}/Cache.framework",
				"${TARGET_BUILD_DIR}/${FRAMEWORKS_FOLDER_PATH}/CleanJSON.framework",
				"${TARGET_BUILD_DIR}/${FRAMEWORKS_FOLDER_PATH}/CollectionKit.framework",
				"${TARGET_BUILD_DIR}/${FRAMEWORKS_FOLDER_PATH}/Differentiator.framework",
				"${TARGET_BUILD_DIR}/${FRAMEWORKS_FOLDER_PATH}/ESTabBarController_swift.framework",
				"${TARGET_BUILD_DIR}/${FRAMEWORKS_FOLDER_PATH}/EachNavigationBar.framework",
				"${TARGET_BUILD_DIR}/${FRAMEWORKS_FOLDER_PATH}/IQKeyboardManagerSwift.framework",
				"${TARGET_BUILD_DIR}/${FRAMEWORKS_FOLDER_PATH}/Kingfisher.framework",
				"${TARGET_BUILD_DIR}/${FRAMEWORKS_FOLDER_PATH}/MJRefresh.framework",
				"${TARGET_BUILD_DIR}/${FRAMEWORKS_FOLDER_PATH}/Moya.framework",
				"${TARGET_BUILD_DIR}/${FRAMEWORKS_FOLDER_PATH}/Result.framework",
				"${TARGET_BUILD_DIR}/${FRAMEWORKS_FOLDER_PATH}/RxAtomic.framework",
				"${TARGET_BUILD_DIR}/${FRAMEWORKS_FOLDER_PATH}/RxCocoa.framework",
				"${TARGET_BUILD_DIR}/${FRAMEWORKS_FOLDER_PATH}/RxDataSources.framework",
				"${TARGET_BUILD_DIR}/${FRAMEWORKS_FOLDER_PATH}/RxGesture.framework",
				"${TARGET_BUILD_DIR}/${FRAMEWORKS_FOLDER_PATH}/RxSwift.framework",
				"${TARGET_BUILD_DIR}/${FRAMEWORKS_FOLDER_PATH}/RxSwiftExt.framework",
				"${TARGET_BUILD_DIR}/${FRAMEWORKS_FOLDER_PATH}/sqliterk.framework",
				"${TARGET_BUILD_DIR}/${FRAMEWORKS_FOLDER_PATH}/SnapKit.framework",
				"${TARGET_BUILD_DIR}/${FRAMEWORKS_FOLDER_PATH}/TZImagePickerController.framework",
				"${TARGET_BUILD_DIR}/${FRAMEWORKS_FOLDER_PATH}/Toast_Swift.framework",
				"${TARGET_BUILD_DIR}/${FRAMEWORKS_FOLDER_PATH}/WCDBSwift.framework",
				"${TARGET_BUILD_DIR}/${FRAMEWORKS_FOLDER_PATH}/sqlcipher.framework",
			);
			runOnlyForDeploymentPostprocessing = 0;
			shellPath = /bin/sh;
			shellScript = "\"${PODS_ROOT}/Target Support Files/Pods-LTY/Pods-LTY-frameworks.sh\"\n";
			showEnvVarsInLog = 0;
		};
		14CCF89BBC9C5105E644CC89 /* [CP] Check Pods Manifest.lock */ = {
			isa = PBXShellScriptBuildPhase;
			buildActionMask = 2147483647;
			files = (
			);
			inputFileListPaths = (
			);
			inputPaths = (
				"${PODS_PODFILE_DIR_PATH}/Podfile.lock",
				"${PODS_ROOT}/Manifest.lock",
			);
			name = "[CP] Check Pods Manifest.lock";
			outputFileListPaths = (
			);
			outputPaths = (
				"$(DERIVED_FILE_DIR)/Pods-LTY-checkManifestLockResult.txt",
			);
			runOnlyForDeploymentPostprocessing = 0;
			shellPath = /bin/sh;
			shellScript = "diff \"${PODS_PODFILE_DIR_PATH}/Podfile.lock\" \"${PODS_ROOT}/Manifest.lock\" > /dev/null\nif [ $? != 0 ] ; then\n    # print error to STDERR\n    echo \"error: The sandbox is not in sync with the Podfile.lock. Run 'pod install' or update your CocoaPods installation.\" >&2\n    exit 1\nfi\n# This output is used by Xcode 'outputs' to avoid re-running this script phase.\necho \"SUCCESS\" > \"${SCRIPT_OUTPUT_FILE_0}\"\n";
			showEnvVarsInLog = 0;
		};
		26A3099F60E76EB32EF7BDA5 /* [CP] Check Pods Manifest.lock */ = {
			isa = PBXShellScriptBuildPhase;
			buildActionMask = 2147483647;
			files = (
			);
			inputFileListPaths = (
			);
			inputPaths = (
				"${PODS_PODFILE_DIR_PATH}/Podfile.lock",
				"${PODS_ROOT}/Manifest.lock",
			);
			name = "[CP] Check Pods Manifest.lock";
			outputFileListPaths = (
			);
			outputPaths = (
				"$(DERIVED_FILE_DIR)/Pods-LTYTests-checkManifestLockResult.txt",
			);
			runOnlyForDeploymentPostprocessing = 0;
			shellPath = /bin/sh;
			shellScript = "diff \"${PODS_PODFILE_DIR_PATH}/Podfile.lock\" \"${PODS_ROOT}/Manifest.lock\" > /dev/null\nif [ $? != 0 ] ; then\n    # print error to STDERR\n    echo \"error: The sandbox is not in sync with the Podfile.lock. Run 'pod install' or update your CocoaPods installation.\" >&2\n    exit 1\nfi\n# This output is used by Xcode 'outputs' to avoid re-running this script phase.\necho \"SUCCESS\" > \"${SCRIPT_OUTPUT_FILE_0}\"\n";
			showEnvVarsInLog = 0;
		};
		FA456BEA6265AC6B9FF46D2C /* [CP] Check Pods Manifest.lock */ = {
			isa = PBXShellScriptBuildPhase;
			buildActionMask = 2147483647;
			files = (
			);
			inputFileListPaths = (
			);
			inputPaths = (
				"${PODS_PODFILE_DIR_PATH}/Podfile.lock",
				"${PODS_ROOT}/Manifest.lock",
			);
			name = "[CP] Check Pods Manifest.lock";
			outputFileListPaths = (
			);
			outputPaths = (
				"$(DERIVED_FILE_DIR)/Pods-LTYUITests-checkManifestLockResult.txt",
			);
			runOnlyForDeploymentPostprocessing = 0;
			shellPath = /bin/sh;
			shellScript = "diff \"${PODS_PODFILE_DIR_PATH}/Podfile.lock\" \"${PODS_ROOT}/Manifest.lock\" > /dev/null\nif [ $? != 0 ] ; then\n    # print error to STDERR\n    echo \"error: The sandbox is not in sync with the Podfile.lock. Run 'pod install' or update your CocoaPods installation.\" >&2\n    exit 1\nfi\n# This output is used by Xcode 'outputs' to avoid re-running this script phase.\necho \"SUCCESS\" > \"${SCRIPT_OUTPUT_FILE_0}\"\n";
			showEnvVarsInLog = 0;
		};
/* End PBXShellScriptBuildPhase section */

/* Begin PBXSourcesBuildPhase section */
		B8457B6A223003E4006EC51F /* Sources */ = {
			isa = PBXSourcesBuildPhase;
			buildActionMask = 2147483647;
			files = (
				B8457BB122300A94006EC51F /* ProfileViewController.swift in Sources */,
				B8457C0B2230CA66006EC51F /* Operators.swift in Sources */,
				B8457BE12230C839006EC51F /* Actionable.swift in Sources */,
				B894B06422324DA000036A19 /* UIView-Extension.swift in Sources */,
				B8457BF22230CA2B006EC51F /* UIButton+SF.swift in Sources */,
				B8457BC822300CD7006EC51F /* ColorHelper.swift in Sources */,
				B8457BDB2230C716006EC51F /* Updatable.swift in Sources */,
				B8457C222230CADC006EC51F /* HTTPService.swift in Sources */,
				B8457C0C2230CA66006EC51F /* Countdown+Rx.swift in Sources */,
				B8457C0D2230CA66006EC51F /* RxTableViewSectionedDelegate.swift in Sources */,
				B8457C0E2230CA66006EC51F /* Rx+Ext.swift in Sources */,
				B8457BEC2230CA2B006EC51F /* UIViewController+SF.swift in Sources */,
				B8357F192234B5260020FE17 /* TransitionAnimator.swift in Sources */,
				B8457BAF22300A89006EC51F /* PublishViewController.swift in Sources */,
				B8457BBF22300C63006EC51F /* UIDevice+SF.swift in Sources */,
				B8457C172230CA66006EC51F /* UIAlertController+Rx.swift in Sources */,
				B8457BBB22300BE1006EC51F /* SFExtension.swift in Sources */,
				B8457BF02230CA2B006EC51F /* UIView+SF.swift in Sources */,
				B8457B74223003E4006EC51F /* ViewController.swift in Sources */,
				B8457C1A2230CA66006EC51F /* UITextView+Rx.swift in Sources */,
				B8457C132230CA66006EC51F /* MapTo+Rx.swift in Sources */,
				B8457C122230CA66006EC51F /* MJRefresh+Rx.swift in Sources */,
				B8457BCA22300CD7006EC51F /* TextSizeHelper.swift in Sources */,
				B8457C232230CADC006EC51F /* HTTPService+Rx.swift in Sources */,
				B894B06722324EF700036A19 /* NiblessView.swift in Sources */,
				B8457BEE2230CA2B006EC51F /* UICollectionView+SF.swift in Sources */,
				B8457B72223003E4006EC51F /* AppDelegate.swift in Sources */,
				B85BAFE02233F3CE00264125 /* FPSLabel.swift in Sources */,
				B8457BC922300CD7006EC51F /* RegexHelper.swift in Sources */,
				B8457BB822300B51006EC51F /* SFConst.swift in Sources */,
				B8457C192230CA66006EC51F /* RxTextFieldDelegateProxy.swift in Sources */,
				B8457C0F2230CA66006EC51F /* Then+Rx.swift in Sources */,
				B8457BF12230CA2B006EC51F /* UIApplication+SF.swift in Sources */,
				B8457C262230CC23006EC51F /* NSObject+Rx.swift in Sources */,
				B8457BDE2230C716006EC51F /* NibLoadable.swift in Sources */,
				B894B0812232819B00036A19 /* DBManager.swift in Sources */,
				B8457BBD22300C5A006EC51F /* UIScreen-Extension.swift in Sources */,
				B8457BCE22301A51006EC51F /* UIImage+SF.swift in Sources */,
				B8457BDA2230C716006EC51F /* Reusable.swift in Sources */,
				B8457BDD2230C716006EC51F /* ControllerConfigurable.swift in Sources */,
				B894B07F2232688B00036A19 /* NiblessViewController.swift in Sources */,
				B894B0732232529B00036A19 /* Bundle-Extension.swift in Sources */,
				B894B08F2232B3A800036A19 /* HomeViewCellViewModel.swift in Sources */,
				B894B0832232825600036A19 /* String-Extension.swift in Sources */,
				B85BAFE22233FDF200264125 /* NotifyHelper.swift in Sources */,
				B8457C092230CA66006EC51F /* UIResponder+Rx.swift in Sources */,
				B8457BC622300CD7006EC51F /* Gradienter.swift in Sources */,
				B894B08D2232B26E00036A19 /* LTProvider.swift in Sources */,
				B8457C102230CA66006EC51F /* SFToast+Rx.swift in Sources */,
				B894B0742232529B00036A19 /* DispatchTime-Extension.swift in Sources */,
				B894B0762232529B00036A19 /* UITabBar-Extension.swift in Sources */,
				B894B0772232529B00036A19 /* UIButton-Extension.swift in Sources */,
				B894B07D2232648700036A19 /* PublishViewModel.swift in Sources */,
				B8457C162230CA66006EC51F /* UIView+Rx.swift in Sources */,
				B8457BEF2230CA2B006EC51F /* UITableView+SF.swift in Sources */,
				B8457BCC22300D16006EC51F /* UIColor+SF.swift in Sources */,
				B894B0782232529B00036A19 /* Array-Extension.swift in Sources */,
				B8457C142230CA66006EC51F /* SFError+Rx.swift in Sources */,
				B8457C182230CA66006EC51F /* UIViewController+Rx.swift in Sources */,
				B8457C0A2230CA66006EC51F /* Response+Rx.swift in Sources */,
				B8457BED2230CA2B006EC51F /* UINavigationController+SF.swift in Sources */,
				B894B0872232AC4200036A19 /* HomeItemViewCell.swift in Sources */,
				B894B0912232B99100036A19 /* Date-Extension.swift in Sources */,
				B894B0792232529B00036A19 /* Sequence+Extension.swift in Sources */,
				B8457BD92230C716006EC51F /* Toastable.swift in Sources */,
				B8457BB522300B24006EC51F /* SFNavigationController.swift in Sources */,
				B8457BD02230BE5C006EC51F /* TabBarItemContentView.swift in Sources */,
				B8457C082230CA66006EC51F /* String+Rx.swift in Sources */,
				B894B06222324D0D00036A19 /* AddPhotoViewCell.swift in Sources */,
				B894B08B2232B0F400036A19 /* PhotoView.swift in Sources */,
				B8457BB322300B12006EC51F /* SFTabBarController.swift in Sources */,
				B894B07A2232529B00036A19 /* UILabel-Extension.swift in Sources */,
				B8457BA922300955006EC51F /* HomeModel.swift in Sources */,
				B8457C212230CADC006EC51F /* TargetType+Request.swift in Sources */,
				B8457C152230CA66006EC51F /* UITextField+Rx.swift in Sources */,
				B8457C112230CA66006EC51F /* ShareOnce+Rx.swift in Sources */,
				B894B0752232529B00036A19 /* NSLayoutConstraint-Extension.swift in Sources */,
				B8457BC722300CD7006EC51F /* FontHelper.swift in Sources */,
				B8457BDC2230C716006EC51F /* ConfigurableTableViewCell.swift in Sources */,
				B8457C242230CADC006EC51F /* MoyaPlugin.swift in Sources */,
				B8457BAB22300A40006EC51F /* HomeViewController.swift in Sources */,
				B894B0852232ABE400036A19 /* HomeViewModel.swift in Sources */,
				B8457BDF2230C716006EC51F /* ViewModelType.swift in Sources */,
				B8457C072230CA66006EC51F /* UIState+Rx.swift in Sources */,
				B894B06A22324FB200036A19 /* PhotoModel.swift in Sources */,
				B8457C282230CD69006EC51F /* UIBarButtonItem-Extension.swift in Sources */,
			);
			runOnlyForDeploymentPostprocessing = 0;
		};
		B8457B7E223003E5006EC51F /* Sources */ = {
			isa = PBXSourcesBuildPhase;
			buildActionMask = 2147483647;
			files = (
				B8457B87223003E5006EC51F /* LTYTests.swift in Sources */,
			);
			runOnlyForDeploymentPostprocessing = 0;
		};
		B8457B89223003E5006EC51F /* Sources */ = {
			isa = PBXSourcesBuildPhase;
			buildActionMask = 2147483647;
			files = (
				B8457B92223003E5006EC51F /* LTYUITests.swift in Sources */,
			);
			runOnlyForDeploymentPostprocessing = 0;
		};
/* End PBXSourcesBuildPhase section */

/* Begin PBXTargetDependency section */
		B8457B84223003E5006EC51F /* PBXTargetDependency */ = {
			isa = PBXTargetDependency;
			target = B8457B6D223003E4006EC51F /* LTY */;
			targetProxy = B8457B83223003E5006EC51F /* PBXContainerItemProxy */;
		};
		B8457B8F223003E5006EC51F /* PBXTargetDependency */ = {
			isa = PBXTargetDependency;
			target = B8457B6D223003E4006EC51F /* LTY */;
			targetProxy = B8457B8E223003E5006EC51F /* PBXContainerItemProxy */;
		};
/* End PBXTargetDependency section */

/* Begin PBXVariantGroup section */
		B8457B75223003E4006EC51F /* Main.storyboard */ = {
			isa = PBXVariantGroup;
			children = (
				B8457B76223003E4006EC51F /* Base */,
			);
			name = Main.storyboard;
			sourceTree = "<group>";
		};
		B8457B7A223003E5006EC51F /* LaunchScreen.storyboard */ = {
			isa = PBXVariantGroup;
			children = (
				B8457B7B223003E5006EC51F /* Base */,
			);
			name = LaunchScreen.storyboard;
			sourceTree = "<group>";
		};
/* End PBXVariantGroup section */

/* Begin XCBuildConfiguration section */
		B8457B94223003E5006EC51F /* Debug */ = {
			isa = XCBuildConfiguration;
			buildSettings = {
				ALWAYS_SEARCH_USER_PATHS = NO;
				CLANG_ANALYZER_NONNULL = YES;
				CLANG_ANALYZER_NUMBER_OBJECT_CONVERSION = YES_AGGRESSIVE;
				CLANG_CXX_LANGUAGE_STANDARD = "gnu++14";
				CLANG_CXX_LIBRARY = "libc++";
				CLANG_ENABLE_MODULES = YES;
				CLANG_ENABLE_OBJC_ARC = YES;
				CLANG_ENABLE_OBJC_WEAK = YES;
				CLANG_WARN_BLOCK_CAPTURE_AUTORELEASING = YES;
				CLANG_WARN_BOOL_CONVERSION = YES;
				CLANG_WARN_COMMA = YES;
				CLANG_WARN_CONSTANT_CONVERSION = YES;
				CLANG_WARN_DEPRECATED_OBJC_IMPLEMENTATIONS = YES;
				CLANG_WARN_DIRECT_OBJC_ISA_USAGE = YES_ERROR;
				CLANG_WARN_DOCUMENTATION_COMMENTS = YES;
				CLANG_WARN_EMPTY_BODY = YES;
				CLANG_WARN_ENUM_CONVERSION = YES;
				CLANG_WARN_INFINITE_RECURSION = YES;
				CLANG_WARN_INT_CONVERSION = YES;
				CLANG_WARN_NON_LITERAL_NULL_CONVERSION = YES;
				CLANG_WARN_OBJC_IMPLICIT_RETAIN_SELF = YES;
				CLANG_WARN_OBJC_LITERAL_CONVERSION = YES;
				CLANG_WARN_OBJC_ROOT_CLASS = YES_ERROR;
				CLANG_WARN_RANGE_LOOP_ANALYSIS = YES;
				CLANG_WARN_STRICT_PROTOTYPES = YES;
				CLANG_WARN_SUSPICIOUS_MOVE = YES;
				CLANG_WARN_UNGUARDED_AVAILABILITY = YES_AGGRESSIVE;
				CLANG_WARN_UNREACHABLE_CODE = YES;
				CLANG_WARN__DUPLICATE_METHOD_MATCH = YES;
				CODE_SIGN_IDENTITY = "iPhone Developer";
				COPY_PHASE_STRIP = NO;
				DEBUG_INFORMATION_FORMAT = dwarf;
				ENABLE_STRICT_OBJC_MSGSEND = YES;
				ENABLE_TESTABILITY = YES;
				GCC_C_LANGUAGE_STANDARD = gnu11;
				GCC_DYNAMIC_NO_PIC = NO;
				GCC_NO_COMMON_BLOCKS = YES;
				GCC_OPTIMIZATION_LEVEL = 0;
				GCC_PREPROCESSOR_DEFINITIONS = (
					"DEBUG=1",
					"$(inherited)",
				);
				GCC_WARN_64_TO_32_BIT_CONVERSION = YES;
				GCC_WARN_ABOUT_RETURN_TYPE = YES_ERROR;
				GCC_WARN_UNDECLARED_SELECTOR = YES;
				GCC_WARN_UNINITIALIZED_AUTOS = YES_AGGRESSIVE;
				GCC_WARN_UNUSED_FUNCTION = YES;
				GCC_WARN_UNUSED_VARIABLE = YES;
				IPHONEOS_DEPLOYMENT_TARGET = 12.1;
				MTL_ENABLE_DEBUG_INFO = INCLUDE_SOURCE;
				MTL_FAST_MATH = YES;
				ONLY_ACTIVE_ARCH = YES;
				SDKROOT = iphoneos;
				SWIFT_ACTIVE_COMPILATION_CONDITIONS = DEBUG;
				SWIFT_OPTIMIZATION_LEVEL = "-Onone";
			};
			name = Debug;
		};
		B8457B95223003E5006EC51F /* Release */ = {
			isa = XCBuildConfiguration;
			buildSettings = {
				ALWAYS_SEARCH_USER_PATHS = NO;
				CLANG_ANALYZER_NONNULL = YES;
				CLANG_ANALYZER_NUMBER_OBJECT_CONVERSION = YES_AGGRESSIVE;
				CLANG_CXX_LANGUAGE_STANDARD = "gnu++14";
				CLANG_CXX_LIBRARY = "libc++";
				CLANG_ENABLE_MODULES = YES;
				CLANG_ENABLE_OBJC_ARC = YES;
				CLANG_ENABLE_OBJC_WEAK = YES;
				CLANG_WARN_BLOCK_CAPTURE_AUTORELEASING = YES;
				CLANG_WARN_BOOL_CONVERSION = YES;
				CLANG_WARN_COMMA = YES;
				CLANG_WARN_CONSTANT_CONVERSION = YES;
				CLANG_WARN_DEPRECATED_OBJC_IMPLEMENTATIONS = YES;
				CLANG_WARN_DIRECT_OBJC_ISA_USAGE = YES_ERROR;
				CLANG_WARN_DOCUMENTATION_COMMENTS = YES;
				CLANG_WARN_EMPTY_BODY = YES;
				CLANG_WARN_ENUM_CONVERSION = YES;
				CLANG_WARN_INFINITE_RECURSION = YES;
				CLANG_WARN_INT_CONVERSION = YES;
				CLANG_WARN_NON_LITERAL_NULL_CONVERSION = YES;
				CLANG_WARN_OBJC_IMPLICIT_RETAIN_SELF = YES;
				CLANG_WARN_OBJC_LITERAL_CONVERSION = YES;
				CLANG_WARN_OBJC_ROOT_CLASS = YES_ERROR;
				CLANG_WARN_RANGE_LOOP_ANALYSIS = YES;
				CLANG_WARN_STRICT_PROTOTYPES = YES;
				CLANG_WARN_SUSPICIOUS_MOVE = YES;
				CLANG_WARN_UNGUARDED_AVAILABILITY = YES_AGGRESSIVE;
				CLANG_WARN_UNREACHABLE_CODE = YES;
				CLANG_WARN__DUPLICATE_METHOD_MATCH = YES;
				CODE_SIGN_IDENTITY = "iPhone Developer";
				COPY_PHASE_STRIP = NO;
				DEBUG_INFORMATION_FORMAT = "dwarf-with-dsym";
				ENABLE_NS_ASSERTIONS = NO;
				ENABLE_STRICT_OBJC_MSGSEND = YES;
				GCC_C_LANGUAGE_STANDARD = gnu11;
				GCC_NO_COMMON_BLOCKS = YES;
				GCC_WARN_64_TO_32_BIT_CONVERSION = YES;
				GCC_WARN_ABOUT_RETURN_TYPE = YES_ERROR;
				GCC_WARN_UNDECLARED_SELECTOR = YES;
				GCC_WARN_UNINITIALIZED_AUTOS = YES_AGGRESSIVE;
				GCC_WARN_UNUSED_FUNCTION = YES;
				GCC_WARN_UNUSED_VARIABLE = YES;
				IPHONEOS_DEPLOYMENT_TARGET = 12.1;
				MTL_ENABLE_DEBUG_INFO = NO;
				MTL_FAST_MATH = YES;
				SDKROOT = iphoneos;
				SWIFT_COMPILATION_MODE = wholemodule;
				SWIFT_OPTIMIZATION_LEVEL = "-O";
				VALIDATE_PRODUCT = YES;
			};
			name = Release;
		};
		B8457B97223003E5006EC51F /* Debug */ = {
			isa = XCBuildConfiguration;
			baseConfigurationReference = 293A8661A51BB5A055D196DD /* Pods-LTY.debug.xcconfig */;
			buildSettings = {
				ASSETCATALOG_COMPILER_APPICON_NAME = AppIcon;
				CODE_SIGN_STYLE = Automatic;
				DEVELOPMENT_TEAM = JVF4WB423W;
				INFOPLIST_FILE = LTY/Info.plist;
				IPHONEOS_DEPLOYMENT_TARGET = 10.0;
				LD_RUNPATH_SEARCH_PATHS = (
					"$(inherited)",
					"@executable_path/Frameworks",
				);
				PRODUCT_BUNDLE_IDENTIFIER = com.caiflower.LTY;
				PRODUCT_NAME = "$(TARGET_NAME)";
				SWIFT_VERSION = 4.2;
				TARGETED_DEVICE_FAMILY = 1;
			};
			name = Debug;
		};
		B8457B98223003E5006EC51F /* Release */ = {
			isa = XCBuildConfiguration;
			baseConfigurationReference = CA6A4058C100080C23A0B791 /* Pods-LTY.release.xcconfig */;
			buildSettings = {
				ASSETCATALOG_COMPILER_APPICON_NAME = AppIcon;
				CODE_SIGN_STYLE = Automatic;
				DEVELOPMENT_TEAM = JVF4WB423W;
				INFOPLIST_FILE = LTY/Info.plist;
				IPHONEOS_DEPLOYMENT_TARGET = 10.0;
				LD_RUNPATH_SEARCH_PATHS = (
					"$(inherited)",
					"@executable_path/Frameworks",
				);
				PRODUCT_BUNDLE_IDENTIFIER = com.caiflower.LTY;
				PRODUCT_NAME = "$(TARGET_NAME)";
				SWIFT_VERSION = 4.2;
				TARGETED_DEVICE_FAMILY = 1;
			};
			name = Release;
		};
		B8457B9A223003E5006EC51F /* Debug */ = {
			isa = XCBuildConfiguration;
			baseConfigurationReference = 734DC79C5B868C7B811DB3E5 /* Pods-LTYTests.debug.xcconfig */;
			buildSettings = {
				ALWAYS_EMBED_SWIFT_STANDARD_LIBRARIES = YES;
				BUNDLE_LOADER = "$(TEST_HOST)";
				CODE_SIGN_STYLE = Automatic;
				DEVELOPMENT_TEAM = JVF4WB423W;
				INFOPLIST_FILE = LTYTests/Info.plist;
				LD_RUNPATH_SEARCH_PATHS = (
					"$(inherited)",
					"@executable_path/Frameworks",
					"@loader_path/Frameworks",
				);
				PRODUCT_BUNDLE_IDENTIFIER = com.caiflower.LTYTests;
				PRODUCT_NAME = "$(TARGET_NAME)";
				SWIFT_VERSION = 4.2;
				TARGETED_DEVICE_FAMILY = "1,2";
				TEST_HOST = "$(BUILT_PRODUCTS_DIR)/LTY.app/LTY";
			};
			name = Debug;
		};
		B8457B9B223003E5006EC51F /* Release */ = {
			isa = XCBuildConfiguration;
			baseConfigurationReference = 5DA7420060BB86BB6241ADB8 /* Pods-LTYTests.release.xcconfig */;
			buildSettings = {
				ALWAYS_EMBED_SWIFT_STANDARD_LIBRARIES = YES;
				BUNDLE_LOADER = "$(TEST_HOST)";
				CODE_SIGN_STYLE = Automatic;
				DEVELOPMENT_TEAM = JVF4WB423W;
				INFOPLIST_FILE = LTYTests/Info.plist;
				LD_RUNPATH_SEARCH_PATHS = (
					"$(inherited)",
					"@executable_path/Frameworks",
					"@loader_path/Frameworks",
				);
				PRODUCT_BUNDLE_IDENTIFIER = com.caiflower.LTYTests;
				PRODUCT_NAME = "$(TARGET_NAME)";
				SWIFT_VERSION = 4.2;
				TARGETED_DEVICE_FAMILY = "1,2";
				TEST_HOST = "$(BUILT_PRODUCTS_DIR)/LTY.app/LTY";
			};
			name = Release;
		};
		B8457B9D223003E5006EC51F /* Debug */ = {
			isa = XCBuildConfiguration;
			baseConfigurationReference = E7FBCF0E367C29C9DE16C756 /* Pods-LTYUITests.debug.xcconfig */;
			buildSettings = {
				ALWAYS_EMBED_SWIFT_STANDARD_LIBRARIES = YES;
				CODE_SIGN_STYLE = Automatic;
				DEVELOPMENT_TEAM = JVF4WB423W;
				INFOPLIST_FILE = LTYUITests/Info.plist;
				LD_RUNPATH_SEARCH_PATHS = (
					"$(inherited)",
					"@executable_path/Frameworks",
					"@loader_path/Frameworks",
				);
				PRODUCT_BUNDLE_IDENTIFIER = com.caiflower.LTYUITests;
				PRODUCT_NAME = "$(TARGET_NAME)";
				SWIFT_VERSION = 4.2;
				TARGETED_DEVICE_FAMILY = "1,2";
				TEST_TARGET_NAME = LTY;
			};
			name = Debug;
		};
		B8457B9E223003E5006EC51F /* Release */ = {
			isa = XCBuildConfiguration;
			baseConfigurationReference = 163128B2DEE3844C892BFBE6 /* Pods-LTYUITests.release.xcconfig */;
			buildSettings = {
				ALWAYS_EMBED_SWIFT_STANDARD_LIBRARIES = YES;
				CODE_SIGN_STYLE = Automatic;
				DEVELOPMENT_TEAM = JVF4WB423W;
				INFOPLIST_FILE = LTYUITests/Info.plist;
				LD_RUNPATH_SEARCH_PATHS = (
					"$(inherited)",
					"@executable_path/Frameworks",
					"@loader_path/Frameworks",
				);
				PRODUCT_BUNDLE_IDENTIFIER = com.caiflower.LTYUITests;
				PRODUCT_NAME = "$(TARGET_NAME)";
				SWIFT_VERSION = 4.2;
				TARGETED_DEVICE_FAMILY = "1,2";
				TEST_TARGET_NAME = LTY;
			};
			name = Release;
		};
/* End XCBuildConfiguration section */

/* Begin XCConfigurationList section */
		B8457B69223003E4006EC51F /* Build configuration list for PBXProject "LTY" */ = {
			isa = XCConfigurationList;
			buildConfigurations = (
				B8457B94223003E5006EC51F /* Debug */,
				B8457B95223003E5006EC51F /* Release */,
			);
			defaultConfigurationIsVisible = 0;
			defaultConfigurationName = Release;
		};
		B8457B96223003E5006EC51F /* Build configuration list for PBXNativeTarget "LTY" */ = {
			isa = XCConfigurationList;
			buildConfigurations = (
				B8457B97223003E5006EC51F /* Debug */,
				B8457B98223003E5006EC51F /* Release */,
			);
			defaultConfigurationIsVisible = 0;
			defaultConfigurationName = Release;
		};
		B8457B99223003E5006EC51F /* Build configuration list for PBXNativeTarget "LTYTests" */ = {
			isa = XCConfigurationList;
			buildConfigurations = (
				B8457B9A223003E5006EC51F /* Debug */,
				B8457B9B223003E5006EC51F /* Release */,
			);
			defaultConfigurationIsVisible = 0;
			defaultConfigurationName = Release;
		};
		B8457B9C223003E5006EC51F /* Build configuration list for PBXNativeTarget "LTYUITests" */ = {
			isa = XCConfigurationList;
			buildConfigurations = (
				B8457B9D223003E5006EC51F /* Debug */,
				B8457B9E223003E5006EC51F /* Release */,
			);
			defaultConfigurationIsVisible = 0;
			defaultConfigurationName = Release;
		};
/* End XCConfigurationList section */
	};
	rootObject = B8457B66223003E4006EC51F /* Project object */;
}
